
Microsoft Visual Studio Solution File, Format Version 11.00
# Visual Studio 2010
Project("{2150E333-8FDC-42A3-9474-1A3956D46DE8}") = "Client.Application", "Client.Application", "{4828F710-1BB7-41F2-80B4-192C7A470499}"
EndProject
Project("{2150E333-8FDC-42A3-9474-1A3956D46DE8}") = "_Inspire Framework", "_Inspire Framework", "{2C492688-B3EE-4AC5-BCCD-7FD992817DF8}"
EndProject
Project("{2150E333-8FDC-42A3-9474-1A3956D46DE8}") = "_Inspire Common", "_Inspire Common", "{F195C932-5721-4617-9837-5829D1C90847}"
EndProject
Project("{2150E333-8FDC-42A3-9474-1A3956D46DE8}") = "_Inspire.ConfigModules", "_Inspire.ConfigModules", "{9652CE0C-D4C6-4AC9-90C4-2DAD4C38C678}"
EndProject
Project("{2150E333-8FDC-42A3-9474-1A3956D46DE8}") = "_Inspire.ControlModules", "_Inspire.ControlModules", "{B50222FE-C806-4F25-AD8C-E38BA3F8742E}"
EndProject
Project("{2150E333-8FDC-42A3-9474-1A3956D46DE8}") = "Lib", "Lib", "{E24724C1-86BF-4B56-949B-560D80218669}"
	ProjectSection(SolutionItems) = preProject
		Lib\ActiproSoftware.Ribbon.Wpf30.dll = Lib\ActiproSoftware.Ribbon.Wpf30.dll
		Lib\ActiproSoftware.Shared.Wpf30.dll = Lib\ActiproSoftware.Shared.Wpf30.dll
		Lib\Awesomium.dll = Lib\Awesomium.dll
		Lib\Awesomium_d.dll = Lib\Awesomium_d.dll
		Lib\Cjc.AwesomiumWrapper.dll = Lib\Cjc.AwesomiumWrapper.dll
		Lib\Cjc.ChromiumBrowser.dll = Lib\Cjc.ChromiumBrowser.dll
		Lib\DevComponents.WpfDock.dll = Lib\DevComponents.WpfDock.dll
		Lib\DevComponents.WpfEditors.dll = Lib\DevComponents.WpfEditors.dll
		Lib\DevComponents.WpfRibbon.dll = Lib\DevComponents.WpfRibbon.dll
		Lib\DevComponents.WpfSchedule.dll = Lib\DevComponents.WpfSchedule.dll
		Lib\icudt38.dll = Lib\icudt38.dll
		Lib\IdentityMine.Evaluators.JScript.dll = Lib\IdentityMine.Evaluators.JScript.dll
		Lib\IdentityMine.Windows.dll = Lib\IdentityMine.Windows.dll
		Lib\IdentityMine.Windows.Panels.dll = Lib\IdentityMine.Windows.Panels.dll
		Lib\Infragistics.ToyBox.dll = Lib\Infragistics.ToyBox.dll
		Lib\Inspire Client Quick Start Guide .pdf = Lib\Inspire Client Quick Start Guide .pdf
		Lib\Interop.ShockwaveFlashObjects.dll = Lib\Interop.ShockwaveFlashObjects.dll
		Lib\Ionic.Zip.dll = Lib\Ionic.Zip.dll
		Lib\Microsoft.MapPoint.Data.dll = Lib\Microsoft.MapPoint.Data.dll
		Lib\Microsoft.MapPoint.Rendering3D.dll = Lib\Microsoft.MapPoint.Rendering3D.dll
		Lib\Microsoft.MapPoint.Rendering3D.Utility.dll = Lib\Microsoft.MapPoint.Rendering3D.Utility.dll
		Lib\Windows7.Multitouch.dll = Lib\Windows7.Multitouch.dll
		Lib\Windows7.Multitouch.WPF.dll = Lib\Windows7.Multitouch.WPF.dll
	EndProjectSection
EndProject
Project("{2150E333-8FDC-42A3-9474-1A3956D46DE8}") = "Modules", "Modules", "{6B519DCA-A254-47FC-8563-F7CBB14EB79E}"
EndProject
Project("{FAE04EC0-301F-11D3-BF4B-00C04F79EFBC}") = "Inspire.Client", "InspireClient\Inspire.Client.csproj", "{0D344094-B9B9-457E-A308-50D13A432FC8}"
EndProject
Project("{FAE04EC0-301F-11D3-BF4B-00C04F79EFBC}") = "Inspire.Common", "Inspire.Common\Inspire.Common.csproj", "{DA9210DD-D24D-468A-9083-F3D953E41C63}"
EndProject
Project("{FAE04EC0-301F-11D3-BF4B-00C04F79EFBC}") = "Inspire", "Inspire\Inspire.csproj", "{84A04C1A-8DA9-47AB-A9D1-B6C63B0EE99B}"
EndProject
Project("{FAE04EC0-301F-11D3-BF4B-00C04F79EFBC}") = "Inspire.Client.ConfigurationWindow", "Inspire.Client.ConfigurationWindow\Inspire.Client.ConfigurationWindow.csproj", "{105063E4-04C5-4918-9FFC-675E8F826DFC}"
EndProject
Project("{FAE04EC0-301F-11D3-BF4B-00C04F79EFBC}") = "Inspire.Client.ScheduleWindow", "Inspire.Client.ScheduleWindow\Inspire.Client.ScheduleWindow.csproj", "{E26DFB8E-4A59-4523-AC10-C6FAC53AC4C2}"
EndProject
Project("{FAE04EC0-301F-11D3-BF4B-00C04F79EFBC}") = "Inspire.Client.Designer", "Inspire.Client.Designer\Inspire.Client.Designer.csproj", "{48AF3708-C4E9-44DC-A6B1-EB02FE9A36C9}"
EndProject
Project("{FAE04EC0-301F-11D3-BF4B-00C04F79EFBC}") = "UserConfig", "UserConfig\UserConfig.csproj", "{86A9348D-E697-441A-A35F-4D0CA8052135}"
EndProject
Project("{FAE04EC0-301F-11D3-BF4B-00C04F79EFBC}") = "ReflectionModule", "ReflectionModule\ReflectionModule.csproj", "{81284490-566D-4123-832E-8CB7F773E44C}"
EndProject
Project("{FAE04EC0-301F-11D3-BF4B-00C04F79EFBC}") = "Inspire.Server.Proxy", "Inspire.Server.Proxy\Inspire.Server.Proxy.csproj", "{C26A9A1E-D31B-4D0D-ACBB-B16C22DA4435}"
EndProject
Project("{FAE04EC0-301F-11D3-BF4B-00C04F79EFBC}") = "BrowserModule", "..\DesignModules\BrowserModule\BrowserModule.csproj", "{8E5B8B50-9E3F-425C-B24A-75B4EFCAEA82}"
EndProject
Project("{FAE04EC0-301F-11D3-BF4B-00C04F79EFBC}") = "BubbleModule", "..\DesignModules\BubbleModule\BubbleModule.csproj", "{12782498-CC21-4846-9400-32849CAD9B34}"
EndProject
Project("{FAE04EC0-301F-11D3-BF4B-00C04F79EFBC}") = "DateTimeModule", "..\DesignModules\DateTimeModule\DateTimeModule.csproj", "{3D42469B-D7EB-4689-B909-12BCCEC8B899}"
EndProject
Project("{FAE04EC0-301F-11D3-BF4B-00C04F79EFBC}") = "EventEntry", "..\DesignModules\EventEntry\EventEntry.csproj", "{EC9BDA90-DF08-4A17-BC7C-E42EE283C7B8}"
EndProject
Project("{FAE04EC0-301F-11D3-BF4B-00C04F79EFBC}") = "EventsModule", "..\DesignModules\EventsModule\EventsModule.csproj", "{4E0F599D-469D-406A-A8FA-6DAFE15F5DE4}"
EndProject
Project("{FAE04EC0-301F-11D3-BF4B-00C04F79EFBC}") = "EventsModule.Proxy", "..\DesignModules\EventsModule.Proxy\EventsModule.Proxy.csproj", "{6855CEDB-194C-44C1-B026-AF4E3F58B53B}"
EndProject
Project("{FAE04EC0-301F-11D3-BF4B-00C04F79EFBC}") = "FlashModule", "..\DesignModules\FlashModule\FlashModule.csproj", "{09D756F7-61B5-422B-91A4-32D9314437BF}"
EndProject
Project("{FAE04EC0-301F-11D3-BF4B-00C04F79EFBC}") = "ImageModule", "..\DesignModules\ImageModule\ImageModule.csproj", "{D88AD297-6057-4C7B-8EB3-37385BD05893}"
EndProject
Project("{FAE04EC0-301F-11D3-BF4B-00C04F79EFBC}") = "PlaylistModule", "..\DesignModules\PlaylistModule\PlaylistModule.csproj", "{85982185-637D-47A5-B61C-AED57AD8FBF5}"
EndProject
Project("{FAE04EC0-301F-11D3-BF4B-00C04F79EFBC}") = "QuickTimeModule", "..\DesignModules\QuickTimeModule\QuickTimeModule.csproj", "{9CFB30BD-5AA0-4556-BEF0-37DE5208B461}"
EndProject
Project("{FAE04EC0-301F-11D3-BF4B-00C04F79EFBC}") = "RichTextModule", "..\DesignModules\RichTextModule\RichTextModule.csproj", "{7550C9BB-0F15-4E7C-88ED-C2AE977BF96A}"
EndProject
Project("{FAE04EC0-301F-11D3-BF4B-00C04F79EFBC}") = "RSSModule", "..\DesignModules\RSSModule\RSSModule.csproj", "{C42FE9CE-592A-46AB-833F-07E413C8AF47}"
EndProject
Project("{FAE04EC0-301F-11D3-BF4B-00C04F79EFBC}") = "ScrollModule", "..\DesignModules\ScrollModule\ScrollModule.csproj", "{2C96C2E7-4C1C-459D-BB97-54786EFA8F53}"
EndProject
Project("{FAE04EC0-301F-11D3-BF4B-00C04F79EFBC}") = "VideoModule", "..\DesignModules\VideoModule\VideoModule.csproj", "{9894825C-DCBD-47F1-B408-EA8D8A7053AC}"
EndProject
Project("{FAE04EC0-301F-11D3-BF4B-00C04F79EFBC}") = "EffectLibrary", "EffectLibrary\EffectLibrary.csproj", "{51F9DB65-B87A-43EF-B306-5122845C7F72}"
EndProject
Project("{FAE04EC0-301F-11D3-BF4B-00C04F79EFBC}") = "Transitionals", "Transitionals\Transitionals.csproj", "{CC0300A8-D5D3-4F1F-80BD-9FEF1ACFC764}"
EndProject
Project("{FAE04EC0-301F-11D3-BF4B-00C04F79EFBC}") = "Inspire.AnimationLibrary", "Inspire.AnimationLibrary\Inspire.AnimationLibrary.csproj", "{E1FE049D-1CBB-4990-BDC5-F81482D01D25}"
EndProject
Project("{FAE04EC0-301F-11D3-BF4B-00C04F79EFBC}") = "WeatherModule", "WeatherModule\WeatherModule.csproj", "{118BD2D0-CA7A-4D59-8385-C4AC9EAE8EDF}"
EndProject
Project("{FAE04EC0-301F-11D3-BF4B-00C04F79EFBC}") = "StreamingModule", "StreamingModule\StreamingModule.csproj", "{17450477-124D-4064-96E3-22DB0C6582FE}"
EndProject
Project("{FAE04EC0-301F-11D3-BF4B-00C04F79EFBC}") = "ShapesModule", "ShapesModule\ShapesModule.csproj", "{A65FA1C4-E201-42A5-97A8-3526E00380AA}"
EndProject
Project("{FAE04EC0-301F-11D3-BF4B-00C04F79EFBC}") = "WeatherModule.Proxy", "WeatherModule.Proxy\WeatherModule.Proxy.csproj", "{4468808D-07AF-4A9B-AD3A-ABC5DF377198}"
EndProject
Project("{FAE04EC0-301F-11D3-BF4B-00C04F79EFBC}") = "FlightInfoModule", "FlightInfoModule\FlightInfoModule.csproj", "{A89714AD-6030-411D-8586-248A73086AAD}"
EndProject
Project("{FAE04EC0-301F-11D3-BF4B-00C04F79EFBC}") = "FlightInfoModule.Proxy", "FlightInfoModule.Proxy\FlightInfoModule.Proxy.csproj", "{88A997E1-2967-4B1F-82CD-C7B026E18FD1}"
EndProject
Project("{FAE04EC0-301F-11D3-BF4B-00C04F79EFBC}") = "TestApp", "TestApp\TestApp.csproj", "{C227E84F-7065-4707-B399-871BE44F1C1C}"
EndProject
Project("{FAE04EC0-301F-11D3-BF4B-00C04F79EFBC}") = "MapModule", "MapModule\MapModule.csproj", "{DA0F05DD-F187-4322-82C2-012B3810675F}"
EndProject
Project("{FAE04EC0-301F-11D3-BF4B-00C04F79EFBC}") = "FilterModule", "FilterModule\FilterModule.csproj", "{B06E8D15-43F9-4117-A12F-174232148E3B}"
EndProject
Project("{2150E333-8FDC-42A3-9474-1A3956D46DE8}") = "Solution Items", "Solution Items", "{FE92135F-3EC1-4FAE-A6C2-BB79C8B73175}"
	ProjectSection(SolutionItems) = preProject
		..\InspireCert\Inspire.Key.pfx = ..\InspireCert\Inspire.Key.pfx
	EndProjectSection
EndProject
Global
	GlobalSection(SubversionScc) = preSolution
		Svn-Managed = True
		Manager = AnkhSVN - Subversion Support for Visual Studio
	EndGlobalSection
	GlobalSection(SolutionConfigurationPlatforms) = preSolution
		Debug on Surface|Any CPU = Debug on Surface|Any CPU
		Debug on Surface|Mixed Platforms = Debug on Surface|Mixed Platforms
		Debug on Surface|x86 = Debug on Surface|x86
		Debug|Any CPU = Debug|Any CPU
		Debug|Mixed Platforms = Debug|Mixed Platforms
		Debug|x86 = Debug|x86
		Release|Any CPU = Release|Any CPU
		Release|Mixed Platforms = Release|Mixed Platforms
		Release|x86 = Release|x86
	EndGlobalSection
	GlobalSection(ProjectConfigurationPlatforms) = postSolution
		{0D344094-B9B9-457E-A308-50D13A432FC8}.Debug on Surface|Any CPU.ActiveCfg = Debug|Any CPU
		{0D344094-B9B9-457E-A308-50D13A432FC8}.Debug on Surface|Any CPU.Build.0 = Debug|Any CPU
		{0D344094-B9B9-457E-A308-50D13A432FC8}.Debug on Surface|Mixed Platforms.ActiveCfg = Debug|Any CPU
		{0D344094-B9B9-457E-A308-50D13A432FC8}.Debug on Surface|Mixed Platforms.Build.0 = Debug|Any CPU
		{0D344094-B9B9-457E-A308-50D13A432FC8}.Debug on Surface|x86.ActiveCfg = Debug|Any CPU
		{0D344094-B9B9-457E-A308-50D13A432FC8}.Debug|Any CPU.ActiveCfg = Debug|Any CPU
		{0D344094-B9B9-457E-A308-50D13A432FC8}.Debug|Any CPU.Build.0 = Debug|Any CPU
		{0D344094-B9B9-457E-A308-50D13A432FC8}.Debug|Mixed Platforms.ActiveCfg = Debug|Any CPU
		{0D344094-B9B9-457E-A308-50D13A432FC8}.Debug|Mixed Platforms.Build.0 = Debug|Any CPU
		{0D344094-B9B9-457E-A308-50D13A432FC8}.Debug|x86.ActiveCfg = Debug|Any CPU
		{0D344094-B9B9-457E-A308-50D13A432FC8}.Debug|x86.Build.0 = Debug|Any CPU
		{0D344094-B9B9-457E-A308-50D13A432FC8}.Release|Any CPU.ActiveCfg = Release|Any CPU
		{0D344094-B9B9-457E-A308-50D13A432FC8}.Release|Any CPU.Build.0 = Release|Any CPU
		{0D344094-B9B9-457E-A308-50D13A432FC8}.Release|Mixed Platforms.ActiveCfg = Release|Any CPU
		{0D344094-B9B9-457E-A308-50D13A432FC8}.Release|Mixed Platforms.Build.0 = Release|Any CPU
		{0D344094-B9B9-457E-A308-50D13A432FC8}.Release|x86.ActiveCfg = Release|Any CPU
		{0D344094-B9B9-457E-A308-50D13A432FC8}.Release|x86.Build.0 = Release|Any CPU
		{DA9210DD-D24D-468A-9083-F3D953E41C63}.Debug on Surface|Any CPU.ActiveCfg = Debug|Any CPU
		{DA9210DD-D24D-468A-9083-F3D953E41C63}.Debug on Surface|Any CPU.Build.0 = Debug|Any CPU
		{DA9210DD-D24D-468A-9083-F3D953E41C63}.Debug on Surface|Mixed Platforms.ActiveCfg = Debug|Any CPU
		{DA9210DD-D24D-468A-9083-F3D953E41C63}.Debug on Surface|Mixed Platforms.Build.0 = Debug|Any CPU
		{DA9210DD-D24D-468A-9083-F3D953E41C63}.Debug on Surface|x86.ActiveCfg = Debug|Any CPU
		{DA9210DD-D24D-468A-9083-F3D953E41C63}.Debug|Any CPU.ActiveCfg = Debug|Any CPU
		{DA9210DD-D24D-468A-9083-F3D953E41C63}.Debug|Any CPU.Build.0 = Debug|Any CPU
		{DA9210DD-D24D-468A-9083-F3D953E41C63}.Debug|Mixed Platforms.ActiveCfg = Debug|Any CPU
		{DA9210DD-D24D-468A-9083-F3D953E41C63}.Debug|Mixed Platforms.Build.0 = Debug|Any CPU
		{DA9210DD-D24D-468A-9083-F3D953E41C63}.Debug|x86.ActiveCfg = Debug|Any CPU
		{DA9210DD-D24D-468A-9083-F3D953E41C63}.Debug|x86.Build.0 = Debug|Any CPU
		{DA9210DD-D24D-468A-9083-F3D953E41C63}.Release|Any CPU.ActiveCfg = Release|Any CPU
		{DA9210DD-D24D-468A-9083-F3D953E41C63}.Release|Any CPU.Build.0 = Release|Any CPU
		{DA9210DD-D24D-468A-9083-F3D953E41C63}.Release|Mixed Platforms.ActiveCfg = Release|Any CPU
		{DA9210DD-D24D-468A-9083-F3D953E41C63}.Release|Mixed Platforms.Build.0 = Release|Any CPU
		{DA9210DD-D24D-468A-9083-F3D953E41C63}.Release|x86.ActiveCfg = Release|Any CPU
		{DA9210DD-D24D-468A-9083-F3D953E41C63}.Release|x86.Build.0 = Release|Any CPU
		{84A04C1A-8DA9-47AB-A9D1-B6C63B0EE99B}.Debug on Surface|Any CPU.ActiveCfg = Debug|Any CPU
		{84A04C1A-8DA9-47AB-A9D1-B6C63B0EE99B}.Debug on Surface|Any CPU.Build.0 = Debug|Any CPU
		{84A04C1A-8DA9-47AB-A9D1-B6C63B0EE99B}.Debug on Surface|Mixed Platforms.ActiveCfg = Debug|Any CPU
		{84A04C1A-8DA9-47AB-A9D1-B6C63B0EE99B}.Debug on Surface|Mixed Platforms.Build.0 = Debug|Any CPU
		{84A04C1A-8DA9-47AB-A9D1-B6C63B0EE99B}.Debug on Surface|x86.ActiveCfg = Debug|Any CPU
		{84A04C1A-8DA9-47AB-A9D1-B6C63B0EE99B}.Debug|Any CPU.ActiveCfg = Debug|Any CPU
		{84A04C1A-8DA9-47AB-A9D1-B6C63B0EE99B}.Debug|Any CPU.Build.0 = Debug|Any CPU
		{84A04C1A-8DA9-47AB-A9D1-B6C63B0EE99B}.Debug|Mixed Platforms.ActiveCfg = Debug|Any CPU
		{84A04C1A-8DA9-47AB-A9D1-B6C63B0EE99B}.Debug|Mixed Platforms.Build.0 = Debug|Any CPU
		{84A04C1A-8DA9-47AB-A9D1-B6C63B0EE99B}.Debug|x86.ActiveCfg = Debug|Any CPU
		{84A04C1A-8DA9-47AB-A9D1-B6C63B0EE99B}.Debug|x86.Build.0 = Debug|Any CPU
		{84A04C1A-8DA9-47AB-A9D1-B6C63B0EE99B}.Release|Any CPU.ActiveCfg = Release|Any CPU
		{84A04C1A-8DA9-47AB-A9D1-B6C63B0EE99B}.Release|Any CPU.Build.0 = Release|Any CPU
		{84A04C1A-8DA9-47AB-A9D1-B6C63B0EE99B}.Release|Mixed Platforms.ActiveCfg = Release|Any CPU
		{84A04C1A-8DA9-47AB-A9D1-B6C63B0EE99B}.Release|Mixed Platforms.Build.0 = Release|Any CPU
		{84A04C1A-8DA9-47AB-A9D1-B6C63B0EE99B}.Release|x86.ActiveCfg = Release|Any CPU
		{84A04C1A-8DA9-47AB-A9D1-B6C63B0EE99B}.Release|x86.Build.0 = Release|Any CPU
		{105063E4-04C5-4918-9FFC-675E8F826DFC}.Debug on Surface|Any CPU.ActiveCfg = Debug|Any CPU
		{105063E4-04C5-4918-9FFC-675E8F826DFC}.Debug on Surface|Any CPU.Build.0 = Debug|Any CPU
		{105063E4-04C5-4918-9FFC-675E8F826DFC}.Debug on Surface|Mixed Platforms.ActiveCfg = Debug|Any CPU
		{105063E4-04C5-4918-9FFC-675E8F826DFC}.Debug on Surface|Mixed Platforms.Build.0 = Debug|Any CPU
		{105063E4-04C5-4918-9FFC-675E8F826DFC}.Debug on Surface|x86.ActiveCfg = Debug|Any CPU
		{105063E4-04C5-4918-9FFC-675E8F826DFC}.Debug|Any CPU.ActiveCfg = Debug|Any CPU
		{105063E4-04C5-4918-9FFC-675E8F826DFC}.Debug|Any CPU.Build.0 = Debug|Any CPU
		{105063E4-04C5-4918-9FFC-675E8F826DFC}.Debug|Mixed Platforms.ActiveCfg = Debug|Any CPU
		{105063E4-04C5-4918-9FFC-675E8F826DFC}.Debug|Mixed Platforms.Build.0 = Debug|Any CPU
		{105063E4-04C5-4918-9FFC-675E8F826DFC}.Debug|x86.ActiveCfg = Debug|Any CPU
		{105063E4-04C5-4918-9FFC-675E8F826DFC}.Debug|x86.Build.0 = Debug|Any CPU
		{105063E4-04C5-4918-9FFC-675E8F826DFC}.Release|Any CPU.ActiveCfg = Release|Any CPU
		{105063E4-04C5-4918-9FFC-675E8F826DFC}.Release|Any CPU.Build.0 = Release|Any CPU
		{105063E4-04C5-4918-9FFC-675E8F826DFC}.Release|Mixed Platforms.ActiveCfg = Release|Any CPU
		{105063E4-04C5-4918-9FFC-675E8F826DFC}.Release|Mixed Platforms.Build.0 = Release|Any CPU
		{105063E4-04C5-4918-9FFC-675E8F826DFC}.Release|x86.ActiveCfg = Release|Any CPU
		{105063E4-04C5-4918-9FFC-675E8F826DFC}.Release|x86.Build.0 = Release|Any CPU
		{E26DFB8E-4A59-4523-AC10-C6FAC53AC4C2}.Debug on Surface|Any CPU.ActiveCfg = Debug|Any CPU
		{E26DFB8E-4A59-4523-AC10-C6FAC53AC4C2}.Debug on Surface|Any CPU.Build.0 = Debug|Any CPU
		{E26DFB8E-4A59-4523-AC10-C6FAC53AC4C2}.Debug on Surface|Mixed Platforms.ActiveCfg = Debug|Any CPU
		{E26DFB8E-4A59-4523-AC10-C6FAC53AC4C2}.Debug on Surface|Mixed Platforms.Build.0 = Debug|Any CPU
		{E26DFB8E-4A59-4523-AC10-C6FAC53AC4C2}.Debug on Surface|x86.ActiveCfg = Debug|Any CPU
		{E26DFB8E-4A59-4523-AC10-C6FAC53AC4C2}.Debug|Any CPU.ActiveCfg = Debug|Any CPU
		{E26DFB8E-4A59-4523-AC10-C6FAC53AC4C2}.Debug|Any CPU.Build.0 = Debug|Any CPU
		{E26DFB8E-4A59-4523-AC10-C6FAC53AC4C2}.Debug|Mixed Platforms.ActiveCfg = Debug|Any CPU
		{E26DFB8E-4A59-4523-AC10-C6FAC53AC4C2}.Debug|Mixed Platforms.Build.0 = Debug|Any CPU
		{E26DFB8E-4A59-4523-AC10-C6FAC53AC4C2}.Debug|x86.ActiveCfg = Debug|Any CPU
		{E26DFB8E-4A59-4523-AC10-C6FAC53AC4C2}.Debug|x86.Build.0 = Debug|Any CPU
		{E26DFB8E-4A59-4523-AC10-C6FAC53AC4C2}.Release|Any CPU.ActiveCfg = Release|Any CPU
		{E26DFB8E-4A59-4523-AC10-C6FAC53AC4C2}.Release|Any CPU.Build.0 = Release|Any CPU
		{E26DFB8E-4A59-4523-AC10-C6FAC53AC4C2}.Release|Mixed Platforms.ActiveCfg = Release|Any CPU
		{E26DFB8E-4A59-4523-AC10-C6FAC53AC4C2}.Release|Mixed Platforms.Build.0 = Release|Any CPU
		{E26DFB8E-4A59-4523-AC10-C6FAC53AC4C2}.Release|x86.ActiveCfg = Release|Any CPU
		{E26DFB8E-4A59-4523-AC10-C6FAC53AC4C2}.Release|x86.Build.0 = Release|Any CPU
		{48AF3708-C4E9-44DC-A6B1-EB02FE9A36C9}.Debug on Surface|Any CPU.ActiveCfg = Debug|Any CPU
		{48AF3708-C4E9-44DC-A6B1-EB02FE9A36C9}.Debug on Surface|Any CPU.Build.0 = Debug|Any CPU
		{48AF3708-C4E9-44DC-A6B1-EB02FE9A36C9}.Debug on Surface|Mixed Platforms.ActiveCfg = Debug|Any CPU
		{48AF3708-C4E9-44DC-A6B1-EB02FE9A36C9}.Debug on Surface|Mixed Platforms.Build.0 = Debug|Any CPU
		{48AF3708-C4E9-44DC-A6B1-EB02FE9A36C9}.Debug on Surface|x86.ActiveCfg = Debug|Any CPU
		{48AF3708-C4E9-44DC-A6B1-EB02FE9A36C9}.Debug|Any CPU.ActiveCfg = Debug|Any CPU
		{48AF3708-C4E9-44DC-A6B1-EB02FE9A36C9}.Debug|Any CPU.Build.0 = Debug|Any CPU
		{48AF3708-C4E9-44DC-A6B1-EB02FE9A36C9}.Debug|Mixed Platforms.ActiveCfg = Debug|Any CPU
		{48AF3708-C4E9-44DC-A6B1-EB02FE9A36C9}.Debug|Mixed Platforms.Build.0 = Debug|Any CPU
		{48AF3708-C4E9-44DC-A6B1-EB02FE9A36C9}.Debug|x86.ActiveCfg = Debug|Any CPU
		{48AF3708-C4E9-44DC-A6B1-EB02FE9A36C9}.Debug|x86.Build.0 = Debug|Any CPU
		{48AF3708-C4E9-44DC-A6B1-EB02FE9A36C9}.Release|Any CPU.ActiveCfg = Release|Any CPU
		{48AF3708-C4E9-44DC-A6B1-EB02FE9A36C9}.Release|Any CPU.Build.0 = Release|Any CPU
		{48AF3708-C4E9-44DC-A6B1-EB02FE9A36C9}.Release|Mixed Platforms.ActiveCfg = Release|Any CPU
		{48AF3708-C4E9-44DC-A6B1-EB02FE9A36C9}.Release|Mixed Platforms.Build.0 = Release|Any CPU
		{48AF3708-C4E9-44DC-A6B1-EB02FE9A36C9}.Release|x86.ActiveCfg = Release|Any CPU
		{48AF3708-C4E9-44DC-A6B1-EB02FE9A36C9}.Release|x86.Build.0 = Release|Any CPU
		{86A9348D-E697-441A-A35F-4D0CA8052135}.Debug on Surface|Any CPU.ActiveCfg = Debug|Any CPU
		{86A9348D-E697-441A-A35F-4D0CA8052135}.Debug on Surface|Any CPU.Build.0 = Debug|Any CPU
		{86A9348D-E697-441A-A35F-4D0CA8052135}.Debug on Surface|Mixed Platforms.ActiveCfg = Debug|Any CPU
		{86A9348D-E697-441A-A35F-4D0CA8052135}.Debug on Surface|Mixed Platforms.Build.0 = Debug|Any CPU
		{86A9348D-E697-441A-A35F-4D0CA8052135}.Debug on Surface|x86.ActiveCfg = Debug|Any CPU
		{86A9348D-E697-441A-A35F-4D0CA8052135}.Debug|Any CPU.ActiveCfg = Debug|Any CPU
		{86A9348D-E697-441A-A35F-4D0CA8052135}.Debug|Any CPU.Build.0 = Debug|Any CPU
		{86A9348D-E697-441A-A35F-4D0CA8052135}.Debug|Mixed Platforms.ActiveCfg = Debug|Any CPU
		{86A9348D-E697-441A-A35F-4D0CA8052135}.Debug|Mixed Platforms.Build.0 = Debug|Any CPU
		{86A9348D-E697-441A-A35F-4D0CA8052135}.Debug|x86.ActiveCfg = Debug|Any CPU
		{86A9348D-E697-441A-A35F-4D0CA8052135}.Debug|x86.Build.0 = Debug|Any CPU
		{86A9348D-E697-441A-A35F-4D0CA8052135}.Release|Any CPU.ActiveCfg = Release|Any CPU
		{86A9348D-E697-441A-A35F-4D0CA8052135}.Release|Any CPU.Build.0 = Release|Any CPU
		{86A9348D-E697-441A-A35F-4D0CA8052135}.Release|Mixed Platforms.ActiveCfg = Release|Any CPU
		{86A9348D-E697-441A-A35F-4D0CA8052135}.Release|Mixed Platforms.Build.0 = Release|Any CPU
		{86A9348D-E697-441A-A35F-4D0CA8052135}.Release|x86.ActiveCfg = Release|Any CPU
		{86A9348D-E697-441A-A35F-4D0CA8052135}.Release|x86.Build.0 = Release|Any CPU
		{81284490-566D-4123-832E-8CB7F773E44C}.Debug on Surface|Any CPU.ActiveCfg = Debug|Any CPU
		{81284490-566D-4123-832E-8CB7F773E44C}.Debug on Surface|Any CPU.Build.0 = Debug|Any CPU
		{81284490-566D-4123-832E-8CB7F773E44C}.Debug on Surface|Mixed Platforms.ActiveCfg = Debug|Any CPU
		{81284490-566D-4123-832E-8CB7F773E44C}.Debug on Surface|Mixed Platforms.Build.0 = Debug|Any CPU
		{81284490-566D-4123-832E-8CB7F773E44C}.Debug on Surface|x86.ActiveCfg = Debug|Any CPU
		{81284490-566D-4123-832E-8CB7F773E44C}.Debug|Any CPU.ActiveCfg = Debug|Any CPU
		{81284490-566D-4123-832E-8CB7F773E44C}.Debug|Any CPU.Build.0 = Debug|Any CPU
		{81284490-566D-4123-832E-8CB7F773E44C}.Debug|Mixed Platforms.ActiveCfg = Debug|Any CPU
		{81284490-566D-4123-832E-8CB7F773E44C}.Debug|Mixed Platforms.Build.0 = Debug|Any CPU
		{81284490-566D-4123-832E-8CB7F773E44C}.Debug|x86.ActiveCfg = Debug|Any CPU
		{81284490-566D-4123-832E-8CB7F773E44C}.Debug|x86.Build.0 = Debug|Any CPU
		{81284490-566D-4123-832E-8CB7F773E44C}.Release|Any CPU.ActiveCfg = Release|Any CPU
		{81284490-566D-4123-832E-8CB7F773E44C}.Release|Any CPU.Build.0 = Release|Any CPU
		{81284490-566D-4123-832E-8CB7F773E44C}.Release|Mixed Platforms.ActiveCfg = Release|Any CPU
		{81284490-566D-4123-832E-8CB7F773E44C}.Release|Mixed Platforms.Build.0 = Release|Any CPU
		{81284490-566D-4123-832E-8CB7F773E44C}.Release|x86.ActiveCfg = Release|Any CPU
		{81284490-566D-4123-832E-8CB7F773E44C}.Release|x86.Build.0 = Release|Any CPU
		{C26A9A1E-D31B-4D0D-ACBB-B16C22DA4435}.Debug on Surface|Any CPU.ActiveCfg = Debug|Any CPU
		{C26A9A1E-D31B-4D0D-ACBB-B16C22DA4435}.Debug on Surface|Any CPU.Build.0 = Debug|Any CPU
		{C26A9A1E-D31B-4D0D-ACBB-B16C22DA4435}.Debug on Surface|Mixed Platforms.ActiveCfg = Debug|Any CPU
		{C26A9A1E-D31B-4D0D-ACBB-B16C22DA4435}.Debug on Surface|Mixed Platforms.Build.0 = Debug|Any CPU
		{C26A9A1E-D31B-4D0D-ACBB-B16C22DA4435}.Debug on Surface|x86.ActiveCfg = Debug|Any CPU
		{C26A9A1E-D31B-4D0D-ACBB-B16C22DA4435}.Debug|Any CPU.ActiveCfg = Debug|Any CPU
		{C26A9A1E-D31B-4D0D-ACBB-B16C22DA4435}.Debug|Any CPU.Build.0 = Debug|Any CPU
		{C26A9A1E-D31B-4D0D-ACBB-B16C22DA4435}.Debug|Mixed Platforms.ActiveCfg = Debug|Any CPU
		{C26A9A1E-D31B-4D0D-ACBB-B16C22DA4435}.Debug|Mixed Platforms.Build.0 = Debug|Any CPU
		{C26A9A1E-D31B-4D0D-ACBB-B16C22DA4435}.Debug|x86.ActiveCfg = Debug|Any CPU
		{C26A9A1E-D31B-4D0D-ACBB-B16C22DA4435}.Debug|x86.Build.0 = Debug|Any CPU
		{C26A9A1E-D31B-4D0D-ACBB-B16C22DA4435}.Release|Any CPU.ActiveCfg = Release|Any CPU
		{C26A9A1E-D31B-4D0D-ACBB-B16C22DA4435}.Release|Any CPU.Build.0 = Release|Any CPU
		{C26A9A1E-D31B-4D0D-ACBB-B16C22DA4435}.Release|Mixed Platforms.ActiveCfg = Release|Any CPU
		{C26A9A1E-D31B-4D0D-ACBB-B16C22DA4435}.Release|Mixed Platforms.Build.0 = Release|Any CPU
		{C26A9A1E-D31B-4D0D-ACBB-B16C22DA4435}.Release|x86.ActiveCfg = Release|Any CPU
		{C26A9A1E-D31B-4D0D-ACBB-B16C22DA4435}.Release|x86.Build.0 = Release|Any CPU
		{8E5B8B50-9E3F-425C-B24A-75B4EFCAEA82}.Debug on Surface|Any CPU.ActiveCfg = Debug|Any CPU
		{8E5B8B50-9E3F-425C-B24A-75B4EFCAEA82}.Debug on Surface|Any CPU.Build.0 = Debug|Any CPU
		{8E5B8B50-9E3F-425C-B24A-75B4EFCAEA82}.Debug on Surface|Mixed Platforms.ActiveCfg = Debug|Any CPU
		{8E5B8B50-9E3F-425C-B24A-75B4EFCAEA82}.Debug on Surface|Mixed Platforms.Build.0 = Debug|Any CPU
		{8E5B8B50-9E3F-425C-B24A-75B4EFCAEA82}.Debug on Surface|x86.ActiveCfg = Debug|Any CPU
		{8E5B8B50-9E3F-425C-B24A-75B4EFCAEA82}.Debug|Any CPU.ActiveCfg = Debug|Any CPU
		{8E5B8B50-9E3F-425C-B24A-75B4EFCAEA82}.Debug|Any CPU.Build.0 = Debug|Any CPU
		{8E5B8B50-9E3F-425C-B24A-75B4EFCAEA82}.Debug|Mixed Platforms.ActiveCfg = Debug|Any CPU
		{8E5B8B50-9E3F-425C-B24A-75B4EFCAEA82}.Debug|Mixed Platforms.Build.0 = Debug|Any CPU
		{8E5B8B50-9E3F-425C-B24A-75B4EFCAEA82}.Debug|x86.ActiveCfg = Debug|Any CPU
		{8E5B8B50-9E3F-425C-B24A-75B4EFCAEA82}.Debug|x86.Build.0 = Debug|Any CPU
		{8E5B8B50-9E3F-425C-B24A-75B4EFCAEA82}.Release|Any CPU.ActiveCfg = Release|Any CPU
		{8E5B8B50-9E3F-425C-B24A-75B4EFCAEA82}.Release|Any CPU.Build.0 = Release|Any CPU
		{8E5B8B50-9E3F-425C-B24A-75B4EFCAEA82}.Release|Mixed Platforms.ActiveCfg = Release|Any CPU
		{8E5B8B50-9E3F-425C-B24A-75B4EFCAEA82}.Release|Mixed Platforms.Build.0 = Release|Any CPU
		{8E5B8B50-9E3F-425C-B24A-75B4EFCAEA82}.Release|x86.ActiveCfg = Release|Any CPU
		{8E5B8B50-9E3F-425C-B24A-75B4EFCAEA82}.Release|x86.Build.0 = Release|Any CPU
		{12782498-CC21-4846-9400-32849CAD9B34}.Debug on Surface|Any CPU.ActiveCfg = Debug|Any CPU
		{12782498-CC21-4846-9400-32849CAD9B34}.Debug on Surface|Any CPU.Build.0 = Debug|Any CPU
		{12782498-CC21-4846-9400-32849CAD9B34}.Debug on Surface|Mixed Platforms.ActiveCfg = Debug|Any CPU
		{12782498-CC21-4846-9400-32849CAD9B34}.Debug on Surface|Mixed Platforms.Build.0 = Debug|Any CPU
		{12782498-CC21-4846-9400-32849CAD9B34}.Debug on Surface|x86.ActiveCfg = Debug|Any CPU
		{12782498-CC21-4846-9400-32849CAD9B34}.Debug|Any CPU.ActiveCfg = Debug|Any CPU
		{12782498-CC21-4846-9400-32849CAD9B34}.Debug|Any CPU.Build.0 = Debug|Any CPU
		{12782498-CC21-4846-9400-32849CAD9B34}.Debug|Mixed Platforms.ActiveCfg = Debug|Any CPU
		{12782498-CC21-4846-9400-32849CAD9B34}.Debug|Mixed Platforms.Build.0 = Debug|Any CPU
		{12782498-CC21-4846-9400-32849CAD9B34}.Debug|x86.ActiveCfg = Debug|Any CPU
		{12782498-CC21-4846-9400-32849CAD9B34}.Debug|x86.Build.0 = Debug|Any CPU
		{12782498-CC21-4846-9400-32849CAD9B34}.Release|Any CPU.ActiveCfg = Release|Any CPU
		{12782498-CC21-4846-9400-32849CAD9B34}.Release|Any CPU.Build.0 = Release|Any CPU
		{12782498-CC21-4846-9400-32849CAD9B34}.Release|Mixed Platforms.ActiveCfg = Release|Any CPU
		{12782498-CC21-4846-9400-32849CAD9B34}.Release|Mixed Platforms.Build.0 = Release|Any CPU
		{12782498-CC21-4846-9400-32849CAD9B34}.Release|x86.ActiveCfg = Release|Any CPU
		{12782498-CC21-4846-9400-32849CAD9B34}.Release|x86.Build.0 = Release|Any CPU
		{3D42469B-D7EB-4689-B909-12BCCEC8B899}.Debug on Surface|Any CPU.ActiveCfg = Debug|Any CPU
		{3D42469B-D7EB-4689-B909-12BCCEC8B899}.Debug on Surface|Any CPU.Build.0 = Debug|Any CPU
		{3D42469B-D7EB-4689-B909-12BCCEC8B899}.Debug on Surface|Mixed Platforms.ActiveCfg = Debug|Any CPU
		{3D42469B-D7EB-4689-B909-12BCCEC8B899}.Debug on Surface|Mixed Platforms.Build.0 = Debug|Any CPU
		{3D42469B-D7EB-4689-B909-12BCCEC8B899}.Debug on Surface|x86.ActiveCfg = Debug|Any CPU
		{3D42469B-D7EB-4689-B909-12BCCEC8B899}.Debug|Any CPU.ActiveCfg = Debug|Any CPU
		{3D42469B-D7EB-4689-B909-12BCCEC8B899}.Debug|Any CPU.Build.0 = Debug|Any CPU
		{3D42469B-D7EB-4689-B909-12BCCEC8B899}.Debug|Mixed Platforms.ActiveCfg = Debug|Any CPU
		{3D42469B-D7EB-4689-B909-12BCCEC8B899}.Debug|Mixed Platforms.Build.0 = Debug|Any CPU
		{3D42469B-D7EB-4689-B909-12BCCEC8B899}.Debug|x86.ActiveCfg = Debug|Any CPU
		{3D42469B-D7EB-4689-B909-12BCCEC8B899}.Debug|x86.Build.0 = Debug|Any CPU
		{3D42469B-D7EB-4689-B909-12BCCEC8B899}.Release|Any CPU.ActiveCfg = Release|Any CPU
		{3D42469B-D7EB-4689-B909-12BCCEC8B899}.Release|Any CPU.Build.0 = Release|Any CPU
		{3D42469B-D7EB-4689-B909-12BCCEC8B899}.Release|Mixed Platforms.ActiveCfg = Release|Any CPU
		{3D42469B-D7EB-4689-B909-12BCCEC8B899}.Release|Mixed Platforms.Build.0 = Release|Any CPU
		{3D42469B-D7EB-4689-B909-12BCCEC8B899}.Release|x86.ActiveCfg = Release|Any CPU
		{3D42469B-D7EB-4689-B909-12BCCEC8B899}.Release|x86.Build.0 = Release|Any CPU
		{EC9BDA90-DF08-4A17-BC7C-E42EE283C7B8}.Debug on Surface|Any CPU.ActiveCfg = Debug|Any CPU
		{EC9BDA90-DF08-4A17-BC7C-E42EE283C7B8}.Debug on Surface|Any CPU.Build.0 = Debug|Any CPU
		{EC9BDA90-DF08-4A17-BC7C-E42EE283C7B8}.Debug on Surface|Mixed Platforms.ActiveCfg = Debug|Any CPU
		{EC9BDA90-DF08-4A17-BC7C-E42EE283C7B8}.Debug on Surface|Mixed Platforms.Build.0 = Debug|Any CPU
		{EC9BDA90-DF08-4A17-BC7C-E42EE283C7B8}.Debug on Surface|x86.ActiveCfg = Debug|Any CPU
		{EC9BDA90-DF08-4A17-BC7C-E42EE283C7B8}.Debug|Any CPU.ActiveCfg = Debug|Any CPU
		{EC9BDA90-DF08-4A17-BC7C-E42EE283C7B8}.Debug|Any CPU.Build.0 = Debug|Any CPU
		{EC9BDA90-DF08-4A17-BC7C-E42EE283C7B8}.Debug|Mixed Platforms.ActiveCfg = Debug|Any CPU
		{EC9BDA90-DF08-4A17-BC7C-E42EE283C7B8}.Debug|Mixed Platforms.Build.0 = Debug|Any CPU
		{EC9BDA90-DF08-4A17-BC7C-E42EE283C7B8}.Debug|x86.ActiveCfg = Debug|Any CPU
		{EC9BDA90-DF08-4A17-BC7C-E42EE283C7B8}.Debug|x86.Build.0 = Debug|Any CPU
		{EC9BDA90-DF08-4A17-BC7C-E42EE283C7B8}.Release|Any CPU.ActiveCfg = Release|Any CPU
		{EC9BDA90-DF08-4A17-BC7C-E42EE283C7B8}.Release|Any CPU.Build.0 = Release|Any CPU
		{EC9BDA90-DF08-4A17-BC7C-E42EE283C7B8}.Release|Mixed Platforms.ActiveCfg = Release|Any CPU
		{EC9BDA90-DF08-4A17-BC7C-E42EE283C7B8}.Release|Mixed Platforms.Build.0 = Release|Any CPU
		{EC9BDA90-DF08-4A17-BC7C-E42EE283C7B8}.Release|x86.ActiveCfg = Release|Any CPU
		{EC9BDA90-DF08-4A17-BC7C-E42EE283C7B8}.Release|x86.Build.0 = Release|Any CPU
		{4E0F599D-469D-406A-A8FA-6DAFE15F5DE4}.Debug on Surface|Any CPU.ActiveCfg = Debug|Any CPU
		{4E0F599D-469D-406A-A8FA-6DAFE15F5DE4}.Debug on Surface|Any CPU.Build.0 = Debug|Any CPU
		{4E0F599D-469D-406A-A8FA-6DAFE15F5DE4}.Debug on Surface|Mixed Platforms.ActiveCfg = Debug|Any CPU
		{4E0F599D-469D-406A-A8FA-6DAFE15F5DE4}.Debug on Surface|Mixed Platforms.Build.0 = Debug|Any CPU
		{4E0F599D-469D-406A-A8FA-6DAFE15F5DE4}.Debug on Surface|x86.ActiveCfg = Debug|Any CPU
		{4E0F599D-469D-406A-A8FA-6DAFE15F5DE4}.Debug|Any CPU.ActiveCfg = Debug|Any CPU
		{4E0F599D-469D-406A-A8FA-6DAFE15F5DE4}.Debug|Any CPU.Build.0 = Debug|Any CPU
		{4E0F599D-469D-406A-A8FA-6DAFE15F5DE4}.Debug|Mixed Platforms.ActiveCfg = Debug|Any CPU
		{4E0F599D-469D-406A-A8FA-6DAFE15F5DE4}.Debug|Mixed Platforms.Build.0 = Debug|Any CPU
		{4E0F599D-469D-406A-A8FA-6DAFE15F5DE4}.Debug|x86.ActiveCfg = Debug|Any CPU
		{4E0F599D-469D-406A-A8FA-6DAFE15F5DE4}.Debug|x86.Build.0 = Debug|Any CPU
		{4E0F599D-469D-406A-A8FA-6DAFE15F5DE4}.Release|Any CPU.ActiveCfg = Release|Any CPU
		{4E0F599D-469D-406A-A8FA-6DAFE15F5DE4}.Release|Any CPU.Build.0 = Release|Any CPU
		{4E0F599D-469D-406A-A8FA-6DAFE15F5DE4}.Release|Mixed Platforms.ActiveCfg = Release|Any CPU
		{4E0F599D-469D-406A-A8FA-6DAFE15F5DE4}.Release|Mixed Platforms.Build.0 = Release|Any CPU
		{4E0F599D-469D-406A-A8FA-6DAFE15F5DE4}.Release|x86.ActiveCfg = Release|Any CPU
		{4E0F599D-469D-406A-A8FA-6DAFE15F5DE4}.Release|x86.Build.0 = Release|Any CPU
		{6855CEDB-194C-44C1-B026-AF4E3F58B53B}.Debug on Surface|Any CPU.ActiveCfg = Debug|Any CPU
		{6855CEDB-194C-44C1-B026-AF4E3F58B53B}.Debug on Surface|Any CPU.Build.0 = Debug|Any CPU
		{6855CEDB-194C-44C1-B026-AF4E3F58B53B}.Debug on Surface|Mixed Platforms.ActiveCfg = Debug|Any CPU
		{6855CEDB-194C-44C1-B026-AF4E3F58B53B}.Debug on Surface|Mixed Platforms.Build.0 = Debug|Any CPU
		{6855CEDB-194C-44C1-B026-AF4E3F58B53B}.Debug on Surface|x86.ActiveCfg = Debug|Any CPU
		{6855CEDB-194C-44C1-B026-AF4E3F58B53B}.Debug|Any CPU.ActiveCfg = Debug|Any CPU
		{6855CEDB-194C-44C1-B026-AF4E3F58B53B}.Debug|Any CPU.Build.0 = Debug|Any CPU
		{6855CEDB-194C-44C1-B026-AF4E3F58B53B}.Debug|Mixed Platforms.ActiveCfg = Debug|Any CPU
		{6855CEDB-194C-44C1-B026-AF4E3F58B53B}.Debug|Mixed Platforms.Build.0 = Debug|Any CPU
		{6855CEDB-194C-44C1-B026-AF4E3F58B53B}.Debug|x86.ActiveCfg = Debug|Any CPU
		{6855CEDB-194C-44C1-B026-AF4E3F58B53B}.Debug|x86.Build.0 = Debug|Any CPU
		{6855CEDB-194C-44C1-B026-AF4E3F58B53B}.Release|Any CPU.ActiveCfg = Release|Any CPU
		{6855CEDB-194C-44C1-B026-AF4E3F58B53B}.Release|Any CPU.Build.0 = Release|Any CPU
		{6855CEDB-194C-44C1-B026-AF4E3F58B53B}.Release|Mixed Platforms.ActiveCfg = Release|Any CPU
		{6855CEDB-194C-44C1-B026-AF4E3F58B53B}.Release|Mixed Platforms.Build.0 = Release|Any CPU
		{6855CEDB-194C-44C1-B026-AF4E3F58B53B}.Release|x86.ActiveCfg = Release|Any CPU
		{6855CEDB-194C-44C1-B026-AF4E3F58B53B}.Release|x86.Build.0 = Release|Any CPU
		{09D756F7-61B5-422B-91A4-32D9314437BF}.Debug on Surface|Any CPU.ActiveCfg = Debug|Any CPU
		{09D756F7-61B5-422B-91A4-32D9314437BF}.Debug on Surface|Any CPU.Build.0 = Debug|Any CPU
		{09D756F7-61B5-422B-91A4-32D9314437BF}.Debug on Surface|Mixed Platforms.ActiveCfg = Debug|Any CPU
		{09D756F7-61B5-422B-91A4-32D9314437BF}.Debug on Surface|Mixed Platforms.Build.0 = Debug|Any CPU
		{09D756F7-61B5-422B-91A4-32D9314437BF}.Debug on Surface|x86.ActiveCfg = Debug|Any CPU
		{09D756F7-61B5-422B-91A4-32D9314437BF}.Debug|Any CPU.ActiveCfg = Debug|Any CPU
		{09D756F7-61B5-422B-91A4-32D9314437BF}.Debug|Any CPU.Build.0 = Debug|Any CPU
		{09D756F7-61B5-422B-91A4-32D9314437BF}.Debug|Mixed Platforms.ActiveCfg = Debug|Any CPU
		{09D756F7-61B5-422B-91A4-32D9314437BF}.Debug|Mixed Platforms.Build.0 = Debug|Any CPU
		{09D756F7-61B5-422B-91A4-32D9314437BF}.Debug|x86.ActiveCfg = Debug|Any CPU
		{09D756F7-61B5-422B-91A4-32D9314437BF}.Debug|x86.Build.0 = Debug|Any CPU
		{09D756F7-61B5-422B-91A4-32D9314437BF}.Release|Any CPU.ActiveCfg = Release|Any CPU
		{09D756F7-61B5-422B-91A4-32D9314437BF}.Release|Any CPU.Build.0 = Release|Any CPU
		{09D756F7-61B5-422B-91A4-32D9314437BF}.Release|Mixed Platforms.ActiveCfg = Release|Any CPU
		{09D756F7-61B5-422B-91A4-32D9314437BF}.Release|Mixed Platforms.Build.0 = Release|Any CPU
		{09D756F7-61B5-422B-91A4-32D9314437BF}.Release|x86.ActiveCfg = Release|Any CPU
		{09D756F7-61B5-422B-91A4-32D9314437BF}.Release|x86.Build.0 = Release|Any CPU
		{D88AD297-6057-4C7B-8EB3-37385BD05893}.Debug on Surface|Any CPU.ActiveCfg = Debug|Any CPU
		{D88AD297-6057-4C7B-8EB3-37385BD05893}.Debug on Surface|Any CPU.Build.0 = Debug|Any CPU
		{D88AD297-6057-4C7B-8EB3-37385BD05893}.Debug on Surface|Mixed Platforms.ActiveCfg = Debug|Any CPU
		{D88AD297-6057-4C7B-8EB3-37385BD05893}.Debug on Surface|Mixed Platforms.Build.0 = Debug|Any CPU
		{D88AD297-6057-4C7B-8EB3-37385BD05893}.Debug on Surface|x86.ActiveCfg = Debug|Any CPU
		{D88AD297-6057-4C7B-8EB3-37385BD05893}.Debug|Any CPU.ActiveCfg = Debug|Any CPU
		{D88AD297-6057-4C7B-8EB3-37385BD05893}.Debug|Any CPU.Build.0 = Debug|Any CPU
		{D88AD297-6057-4C7B-8EB3-37385BD05893}.Debug|Mixed Platforms.ActiveCfg = Debug|Any CPU
		{D88AD297-6057-4C7B-8EB3-37385BD05893}.Debug|Mixed Platforms.Build.0 = Debug|Any CPU
		{D88AD297-6057-4C7B-8EB3-37385BD05893}.Debug|x86.ActiveCfg = Debug|Any CPU
		{D88AD297-6057-4C7B-8EB3-37385BD05893}.Debug|x86.Build.0 = Debug|Any CPU
		{D88AD297-6057-4C7B-8EB3-37385BD05893}.Release|Any CPU.ActiveCfg = Release|Any CPU
		{D88AD297-6057-4C7B-8EB3-37385BD05893}.Release|Any CPU.Build.0 = Release|Any CPU
		{D88AD297-6057-4C7B-8EB3-37385BD05893}.Release|Mixed Platforms.ActiveCfg = Release|Any CPU
		{D88AD297-6057-4C7B-8EB3-37385BD05893}.Release|Mixed Platforms.Build.0 = Release|Any CPU
		{D88AD297-6057-4C7B-8EB3-37385BD05893}.Release|x86.ActiveCfg = Release|Any CPU
		{D88AD297-6057-4C7B-8EB3-37385BD05893}.Release|x86.Build.0 = Release|Any CPU
		{85982185-637D-47A5-B61C-AED57AD8FBF5}.Debug on Surface|Any CPU.ActiveCfg = Debug|Any CPU
		{85982185-637D-47A5-B61C-AED57AD8FBF5}.Debug on Surface|Any CPU.Build.0 = Debug|Any CPU
		{85982185-637D-47A5-B61C-AED57AD8FBF5}.Debug on Surface|Mixed Platforms.ActiveCfg = Debug|Any CPU
		{85982185-637D-47A5-B61C-AED57AD8FBF5}.Debug on Surface|Mixed Platforms.Build.0 = Debug|Any CPU
		{85982185-637D-47A5-B61C-AED57AD8FBF5}.Debug on Surface|x86.ActiveCfg = Debug|Any CPU
		{85982185-637D-47A5-B61C-AED57AD8FBF5}.Debug|Any CPU.ActiveCfg = Debug|Any CPU
		{85982185-637D-47A5-B61C-AED57AD8FBF5}.Debug|Any CPU.Build.0 = Debug|Any CPU
		{85982185-637D-47A5-B61C-AED57AD8FBF5}.Debug|Mixed Platforms.ActiveCfg = Debug|Any CPU
		{85982185-637D-47A5-B61C-AED57AD8FBF5}.Debug|Mixed Platforms.Build.0 = Debug|Any CPU
		{85982185-637D-47A5-B61C-AED57AD8FBF5}.Debug|x86.ActiveCfg = Debug|Any CPU
		{85982185-637D-47A5-B61C-AED57AD8FBF5}.Debug|x86.Build.0 = Debug|Any CPU
		{85982185-637D-47A5-B61C-AED57AD8FBF5}.Release|Any CPU.ActiveCfg = Release|Any CPU
		{85982185-637D-47A5-B61C-AED57AD8FBF5}.Release|Any CPU.Build.0 = Release|Any CPU
		{85982185-637D-47A5-B61C-AED57AD8FBF5}.Release|Mixed Platforms.ActiveCfg = Release|Any CPU
		{85982185-637D-47A5-B61C-AED57AD8FBF5}.Release|Mixed Platforms.Build.0 = Release|Any CPU
		{85982185-637D-47A5-B61C-AED57AD8FBF5}.Release|x86.ActiveCfg = Release|Any CPU
		{85982185-637D-47A5-B61C-AED57AD8FBF5}.Release|x86.Build.0 = Release|Any CPU
		{9CFB30BD-5AA0-4556-BEF0-37DE5208B461}.Debug on Surface|Any CPU.ActiveCfg = Debug|Any CPU
		{9CFB30BD-5AA0-4556-BEF0-37DE5208B461}.Debug on Surface|Any CPU.Build.0 = Debug|Any CPU
		{9CFB30BD-5AA0-4556-BEF0-37DE5208B461}.Debug on Surface|Mixed Platforms.ActiveCfg = Debug|Any CPU
		{9CFB30BD-5AA0-4556-BEF0-37DE5208B461}.Debug on Surface|Mixed Platforms.Build.0 = Debug|Any CPU
		{9CFB30BD-5AA0-4556-BEF0-37DE5208B461}.Debug on Surface|x86.ActiveCfg = Debug|Any CPU
		{9CFB30BD-5AA0-4556-BEF0-37DE5208B461}.Debug|Any CPU.ActiveCfg = Debug|Any CPU
		{9CFB30BD-5AA0-4556-BEF0-37DE5208B461}.Debug|Any CPU.Build.0 = Debug|Any CPU
		{9CFB30BD-5AA0-4556-BEF0-37DE5208B461}.Debug|Mixed Platforms.ActiveCfg = Debug|Any CPU
		{9CFB30BD-5AA0-4556-BEF0-37DE5208B461}.Debug|Mixed Platforms.Build.0 = Debug|Any CPU
		{9CFB30BD-5AA0-4556-BEF0-37DE5208B461}.Debug|x86.ActiveCfg = Debug|Any CPU
		{9CFB30BD-5AA0-4556-BEF0-37DE5208B461}.Debug|x86.Build.0 = Debug|Any CPU
		{9CFB30BD-5AA0-4556-BEF0-37DE5208B461}.Release|Any CPU.ActiveCfg = Release|Any CPU
		{9CFB30BD-5AA0-4556-BEF0-37DE5208B461}.Release|Any CPU.Build.0 = Release|Any CPU
		{9CFB30BD-5AA0-4556-BEF0-37DE5208B461}.Release|Mixed Platforms.ActiveCfg = Release|Any CPU
		{9CFB30BD-5AA0-4556-BEF0-37DE5208B461}.Release|Mixed Platforms.Build.0 = Release|Any CPU
		{9CFB30BD-5AA0-4556-BEF0-37DE5208B461}.Release|x86.ActiveCfg = Release|Any CPU
		{9CFB30BD-5AA0-4556-BEF0-37DE5208B461}.Release|x86.Build.0 = Release|Any CPU
		{7550C9BB-0F15-4E7C-88ED-C2AE977BF96A}.Debug on Surface|Any CPU.ActiveCfg = Debug|Any CPU
		{7550C9BB-0F15-4E7C-88ED-C2AE977BF96A}.Debug on Surface|Any CPU.Build.0 = Debug|Any CPU
		{7550C9BB-0F15-4E7C-88ED-C2AE977BF96A}.Debug on Surface|Mixed Platforms.ActiveCfg = Debug|Any CPU
		{7550C9BB-0F15-4E7C-88ED-C2AE977BF96A}.Debug on Surface|Mixed Platforms.Build.0 = Debug|Any CPU
		{7550C9BB-0F15-4E7C-88ED-C2AE977BF96A}.Debug on Surface|x86.ActiveCfg = Debug|Any CPU
		{7550C9BB-0F15-4E7C-88ED-C2AE977BF96A}.Debug|Any CPU.ActiveCfg = Debug|Any CPU
		{7550C9BB-0F15-4E7C-88ED-C2AE977BF96A}.Debug|Any CPU.Build.0 = Debug|Any CPU
		{7550C9BB-0F15-4E7C-88ED-C2AE977BF96A}.Debug|Mixed Platforms.ActiveCfg = Debug|Any CPU
		{7550C9BB-0F15-4E7C-88ED-C2AE977BF96A}.Debug|Mixed Platforms.Build.0 = Debug|Any CPU
		{7550C9BB-0F15-4E7C-88ED-C2AE977BF96A}.Debug|x86.ActiveCfg = Debug|Any CPU
		{7550C9BB-0F15-4E7C-88ED-C2AE977BF96A}.Debug|x86.Build.0 = Debug|Any CPU
		{7550C9BB-0F15-4E7C-88ED-C2AE977BF96A}.Release|Any CPU.ActiveCfg = Release|Any CPU
		{7550C9BB-0F15-4E7C-88ED-C2AE977BF96A}.Release|Any CPU.Build.0 = Release|Any CPU
		{7550C9BB-0F15-4E7C-88ED-C2AE977BF96A}.Release|Mixed Platforms.ActiveCfg = Release|Any CPU
		{7550C9BB-0F15-4E7C-88ED-C2AE977BF96A}.Release|Mixed Platforms.Build.0 = Release|Any CPU
		{7550C9BB-0F15-4E7C-88ED-C2AE977BF96A}.Release|x86.ActiveCfg = Release|Any CPU
		{7550C9BB-0F15-4E7C-88ED-C2AE977BF96A}.Release|x86.Build.0 = Release|Any CPU
		{C42FE9CE-592A-46AB-833F-07E413C8AF47}.Debug on Surface|Any CPU.ActiveCfg = Debug|Any CPU
		{C42FE9CE-592A-46AB-833F-07E413C8AF47}.Debug on Surface|Any CPU.Build.0 = Debug|Any CPU
		{C42FE9CE-592A-46AB-833F-07E413C8AF47}.Debug on Surface|Mixed Platforms.ActiveCfg = Debug|Any CPU
		{C42FE9CE-592A-46AB-833F-07E413C8AF47}.Debug on Surface|Mixed Platforms.Build.0 = Debug|Any CPU
		{C42FE9CE-592A-46AB-833F-07E413C8AF47}.Debug on Surface|x86.ActiveCfg = Debug|Any CPU
		{C42FE9CE-592A-46AB-833F-07E413C8AF47}.Debug|Any CPU.ActiveCfg = Debug|Any CPU
		{C42FE9CE-592A-46AB-833F-07E413C8AF47}.Debug|Any CPU.Build.0 = Debug|Any CPU
		{C42FE9CE-592A-46AB-833F-07E413C8AF47}.Debug|Mixed Platforms.ActiveCfg = Debug|Any CPU
		{C42FE9CE-592A-46AB-833F-07E413C8AF47}.Debug|Mixed Platforms.Build.0 = Debug|Any CPU
		{C42FE9CE-592A-46AB-833F-07E413C8AF47}.Debug|x86.ActiveCfg = Debug|Any CPU
		{C42FE9CE-592A-46AB-833F-07E413C8AF47}.Debug|x86.Build.0 = Debug|Any CPU
		{C42FE9CE-592A-46AB-833F-07E413C8AF47}.Release|Any CPU.ActiveCfg = Release|Any CPU
		{C42FE9CE-592A-46AB-833F-07E413C8AF47}.Release|Any CPU.Build.0 = Release|Any CPU
		{C42FE9CE-592A-46AB-833F-07E413C8AF47}.Release|Mixed Platforms.ActiveCfg = Release|Any CPU
		{C42FE9CE-592A-46AB-833F-07E413C8AF47}.Release|Mixed Platforms.Build.0 = Release|Any CPU
		{C42FE9CE-592A-46AB-833F-07E413C8AF47}.Release|x86.ActiveCfg = Release|Any CPU
		{C42FE9CE-592A-46AB-833F-07E413C8AF47}.Release|x86.Build.0 = Release|Any CPU
		{2C96C2E7-4C1C-459D-BB97-54786EFA8F53}.Debug on Surface|Any CPU.ActiveCfg = Debug|Any CPU
		{2C96C2E7-4C1C-459D-BB97-54786EFA8F53}.Debug on Surface|Any CPU.Build.0 = Debug|Any CPU
		{2C96C2E7-4C1C-459D-BB97-54786EFA8F53}.Debug on Surface|Mixed Platforms.ActiveCfg = Debug|Any CPU
		{2C96C2E7-4C1C-459D-BB97-54786EFA8F53}.Debug on Surface|Mixed Platforms.Build.0 = Debug|Any CPU
		{2C96C2E7-4C1C-459D-BB97-54786EFA8F53}.Debug on Surface|x86.ActiveCfg = Debug|Any CPU
		{2C96C2E7-4C1C-459D-BB97-54786EFA8F53}.Debug|Any CPU.ActiveCfg = Debug|Any CPU
		{2C96C2E7-4C1C-459D-BB97-54786EFA8F53}.Debug|Any CPU.Build.0 = Debug|Any CPU
		{2C96C2E7-4C1C-459D-BB97-54786EFA8F53}.Debug|Mixed Platforms.ActiveCfg = Debug|Any CPU
		{2C96C2E7-4C1C-459D-BB97-54786EFA8F53}.Debug|Mixed Platforms.Build.0 = Debug|Any CPU
		{2C96C2E7-4C1C-459D-BB97-54786EFA8F53}.Debug|x86.ActiveCfg = Debug|Any CPU
		{2C96C2E7-4C1C-459D-BB97-54786EFA8F53}.Debug|x86.Build.0 = Debug|Any CPU
		{2C96C2E7-4C1C-459D-BB97-54786EFA8F53}.Release|Any CPU.ActiveCfg = Release|Any CPU
		{2C96C2E7-4C1C-459D-BB97-54786EFA8F53}.Release|Any CPU.Build.0 = Release|Any CPU
		{2C96C2E7-4C1C-459D-BB97-54786EFA8F53}.Release|Mixed Platforms.ActiveCfg = Release|Any CPU
		{2C96C2E7-4C1C-459D-BB97-54786EFA8F53}.Release|Mixed Platforms.Build.0 = Release|Any CPU
		{2C96C2E7-4C1C-459D-BB97-54786EFA8F53}.Release|x86.ActiveCfg = Release|Any CPU
		{2C96C2E7-4C1C-459D-BB97-54786EFA8F53}.Release|x86.Build.0 = Release|Any CPU
		{9894825C-DCBD-47F1-B408-EA8D8A7053AC}.Debug on Surface|Any CPU.ActiveCfg = Debug|Any CPU
		{9894825C-DCBD-47F1-B408-EA8D8A7053AC}.Debug on Surface|Any CPU.Build.0 = Debug|Any CPU
		{9894825C-DCBD-47F1-B408-EA8D8A7053AC}.Debug on Surface|Mixed Platforms.ActiveCfg = Debug|Any CPU
		{9894825C-DCBD-47F1-B408-EA8D8A7053AC}.Debug on Surface|Mixed Platforms.Build.0 = Debug|Any CPU
		{9894825C-DCBD-47F1-B408-EA8D8A7053AC}.Debug on Surface|x86.ActiveCfg = Debug|Any CPU
		{9894825C-DCBD-47F1-B408-EA8D8A7053AC}.Debug|Any CPU.ActiveCfg = Debug|Any CPU
		{9894825C-DCBD-47F1-B408-EA8D8A7053AC}.Debug|Any CPU.Build.0 = Debug|Any CPU
		{9894825C-DCBD-47F1-B408-EA8D8A7053AC}.Debug|Mixed Platforms.ActiveCfg = Debug|Any CPU
		{9894825C-DCBD-47F1-B408-EA8D8A7053AC}.Debug|Mixed Platforms.Build.0 = Debug|Any CPU
		{9894825C-DCBD-47F1-B408-EA8D8A7053AC}.Debug|x86.ActiveCfg = Debug|Any CPU
		{9894825C-DCBD-47F1-B408-EA8D8A7053AC}.Debug|x86.Build.0 = Debug|Any CPU
		{9894825C-DCBD-47F1-B408-EA8D8A7053AC}.Release|Any CPU.ActiveCfg = Release|Any CPU
		{9894825C-DCBD-47F1-B408-EA8D8A7053AC}.Release|Any CPU.Build.0 = Release|Any CPU
		{9894825C-DCBD-47F1-B408-EA8D8A7053AC}.Release|Mixed Platforms.ActiveCfg = Release|Any CPU
		{9894825C-DCBD-47F1-B408-EA8D8A7053AC}.Release|Mixed Platforms.Build.0 = Release|Any CPU
		{9894825C-DCBD-47F1-B408-EA8D8A7053AC}.Release|x86.ActiveCfg = Release|Any CPU
		{9894825C-DCBD-47F1-B408-EA8D8A7053AC}.Release|x86.Build.0 = Release|Any CPU
		{51F9DB65-B87A-43EF-B306-5122845C7F72}.Debug on Surface|Any CPU.ActiveCfg = Debug|Any CPU
		{51F9DB65-B87A-43EF-B306-5122845C7F72}.Debug on Surface|Any CPU.Build.0 = Debug|Any CPU
		{51F9DB65-B87A-43EF-B306-5122845C7F72}.Debug on Surface|Mixed Platforms.ActiveCfg = Debug|Any CPU
		{51F9DB65-B87A-43EF-B306-5122845C7F72}.Debug on Surface|Mixed Platforms.Build.0 = Debug|Any CPU
		{51F9DB65-B87A-43EF-B306-5122845C7F72}.Debug on Surface|x86.ActiveCfg = Debug|Any CPU
		{51F9DB65-B87A-43EF-B306-5122845C7F72}.Debug|Any CPU.ActiveCfg = Debug|Any CPU
		{51F9DB65-B87A-43EF-B306-5122845C7F72}.Debug|Any CPU.Build.0 = Debug|Any CPU
		{51F9DB65-B87A-43EF-B306-5122845C7F72}.Debug|Mixed Platforms.ActiveCfg = Debug|Any CPU
		{51F9DB65-B87A-43EF-B306-5122845C7F72}.Debug|Mixed Platforms.Build.0 = Debug|Any CPU
		{51F9DB65-B87A-43EF-B306-5122845C7F72}.Debug|x86.ActiveCfg = Debug|Any CPU
		{51F9DB65-B87A-43EF-B306-5122845C7F72}.Debug|x86.Build.0 = Debug|Any CPU
		{51F9DB65-B87A-43EF-B306-5122845C7F72}.Release|Any CPU.ActiveCfg = Release|Any CPU
		{51F9DB65-B87A-43EF-B306-5122845C7F72}.Release|Any CPU.Build.0 = Release|Any CPU
		{51F9DB65-B87A-43EF-B306-5122845C7F72}.Release|Mixed Platforms.ActiveCfg = Release|Any CPU
		{51F9DB65-B87A-43EF-B306-5122845C7F72}.Release|Mixed Platforms.Build.0 = Release|Any CPU
		{51F9DB65-B87A-43EF-B306-5122845C7F72}.Release|x86.ActiveCfg = Release|Any CPU
		{51F9DB65-B87A-43EF-B306-5122845C7F72}.Release|x86.Build.0 = Release|Any CPU
		{CC0300A8-D5D3-4F1F-80BD-9FEF1ACFC764}.Debug on Surface|Any CPU.ActiveCfg = Debug|Any CPU
		{CC0300A8-D5D3-4F1F-80BD-9FEF1ACFC764}.Debug on Surface|Any CPU.Build.0 = Debug|Any CPU
		{CC0300A8-D5D3-4F1F-80BD-9FEF1ACFC764}.Debug on Surface|Mixed Platforms.ActiveCfg = Debug|Any CPU
		{CC0300A8-D5D3-4F1F-80BD-9FEF1ACFC764}.Debug on Surface|Mixed Platforms.Build.0 = Debug|Any CPU
		{CC0300A8-D5D3-4F1F-80BD-9FEF1ACFC764}.Debug on Surface|x86.ActiveCfg = Debug|Any CPU
		{CC0300A8-D5D3-4F1F-80BD-9FEF1ACFC764}.Debug|Any CPU.ActiveCfg = Debug|Any CPU
		{CC0300A8-D5D3-4F1F-80BD-9FEF1ACFC764}.Debug|Any CPU.Build.0 = Debug|Any CPU
		{CC0300A8-D5D3-4F1F-80BD-9FEF1ACFC764}.Debug|Mixed Platforms.ActiveCfg = Debug|Any CPU
		{CC0300A8-D5D3-4F1F-80BD-9FEF1ACFC764}.Debug|Mixed Platforms.Build.0 = Debug|Any CPU
		{CC0300A8-D5D3-4F1F-80BD-9FEF1ACFC764}.Debug|x86.ActiveCfg = Debug|Any CPU
		{CC0300A8-D5D3-4F1F-80BD-9FEF1ACFC764}.Debug|x86.Build.0 = Debug|Any CPU
		{CC0300A8-D5D3-4F1F-80BD-9FEF1ACFC764}.Release|Any CPU.ActiveCfg = Release|Any CPU
		{CC0300A8-D5D3-4F1F-80BD-9FEF1ACFC764}.Release|Any CPU.Build.0 = Release|Any CPU
		{CC0300A8-D5D3-4F1F-80BD-9FEF1ACFC764}.Release|Mixed Platforms.ActiveCfg = Release|Any CPU
		{CC0300A8-D5D3-4F1F-80BD-9FEF1ACFC764}.Release|Mixed Platforms.Build.0 = Release|Any CPU
		{CC0300A8-D5D3-4F1F-80BD-9FEF1ACFC764}.Release|x86.ActiveCfg = Release|Any CPU
		{CC0300A8-D5D3-4F1F-80BD-9FEF1ACFC764}.Release|x86.Build.0 = Release|Any CPU
		{E1FE049D-1CBB-4990-BDC5-F81482D01D25}.Debug on Surface|Any CPU.ActiveCfg = Debug|Any CPU
		{E1FE049D-1CBB-4990-BDC5-F81482D01D25}.Debug on Surface|Any CPU.Build.0 = Debug|Any CPU
		{E1FE049D-1CBB-4990-BDC5-F81482D01D25}.Debug on Surface|Mixed Platforms.ActiveCfg = Debug|Any CPU
		{E1FE049D-1CBB-4990-BDC5-F81482D01D25}.Debug on Surface|Mixed Platforms.Build.0 = Debug|Any CPU
		{E1FE049D-1CBB-4990-BDC5-F81482D01D25}.Debug on Surface|x86.ActiveCfg = Debug|Any CPU
		{E1FE049D-1CBB-4990-BDC5-F81482D01D25}.Debug|Any CPU.ActiveCfg = Debug|Any CPU
		{E1FE049D-1CBB-4990-BDC5-F81482D01D25}.Debug|Any CPU.Build.0 = Debug|Any CPU
		{E1FE049D-1CBB-4990-BDC5-F81482D01D25}.Debug|Mixed Platforms.ActiveCfg = Debug|Any CPU
		{E1FE049D-1CBB-4990-BDC5-F81482D01D25}.Debug|Mixed Platforms.Build.0 = Debug|Any CPU
		{E1FE049D-1CBB-4990-BDC5-F81482D01D25}.Debug|x86.ActiveCfg = Debug|Any CPU
		{E1FE049D-1CBB-4990-BDC5-F81482D01D25}.Debug|x86.Build.0 = Debug|Any CPU
		{E1FE049D-1CBB-4990-BDC5-F81482D01D25}.Release|Any CPU.ActiveCfg = Release|Any CPU
		{E1FE049D-1CBB-4990-BDC5-F81482D01D25}.Release|Any CPU.Build.0 = Release|Any CPU
		{E1FE049D-1CBB-4990-BDC5-F81482D01D25}.Release|Mixed Platforms.ActiveCfg = Release|Any CPU
		{E1FE049D-1CBB-4990-BDC5-F81482D01D25}.Release|Mixed Platforms.Build.0 = Release|Any CPU
		{E1FE049D-1CBB-4990-BDC5-F81482D01D25}.Release|x86.ActiveCfg = Release|Any CPU
		{E1FE049D-1CBB-4990-BDC5-F81482D01D25}.Release|x86.Build.0 = Release|Any CPU
		{118BD2D0-CA7A-4D59-8385-C4AC9EAE8EDF}.Debug on Surface|Any CPU.ActiveCfg = Debug|Any CPU
		{118BD2D0-CA7A-4D59-8385-C4AC9EAE8EDF}.Debug on Surface|Any CPU.Build.0 = Debug|Any CPU
		{118BD2D0-CA7A-4D59-8385-C4AC9EAE8EDF}.Debug on Surface|Mixed Platforms.ActiveCfg = Debug|Any CPU
		{118BD2D0-CA7A-4D59-8385-C4AC9EAE8EDF}.Debug on Surface|Mixed Platforms.Build.0 = Debug|Any CPU
		{118BD2D0-CA7A-4D59-8385-C4AC9EAE8EDF}.Debug on Surface|x86.ActiveCfg = Debug|Any CPU
		{118BD2D0-CA7A-4D59-8385-C4AC9EAE8EDF}.Debug|Any CPU.ActiveCfg = Debug|Any CPU
		{118BD2D0-CA7A-4D59-8385-C4AC9EAE8EDF}.Debug|Any CPU.Build.0 = Debug|Any CPU
		{118BD2D0-CA7A-4D59-8385-C4AC9EAE8EDF}.Debug|Mixed Platforms.ActiveCfg = Debug|Any CPU
		{118BD2D0-CA7A-4D59-8385-C4AC9EAE8EDF}.Debug|Mixed Platforms.Build.0 = Debug|Any CPU
		{118BD2D0-CA7A-4D59-8385-C4AC9EAE8EDF}.Debug|x86.ActiveCfg = Debug|Any CPU
		{118BD2D0-CA7A-4D59-8385-C4AC9EAE8EDF}.Debug|x86.Build.0 = Debug|Any CPU
		{118BD2D0-CA7A-4D59-8385-C4AC9EAE8EDF}.Release|Any CPU.ActiveCfg = Release|Any CPU
		{118BD2D0-CA7A-4D59-8385-C4AC9EAE8EDF}.Release|Any CPU.Build.0 = Release|Any CPU
		{118BD2D0-CA7A-4D59-8385-C4AC9EAE8EDF}.Release|Mixed Platforms.ActiveCfg = Release|Any CPU
		{118BD2D0-CA7A-4D59-8385-C4AC9EAE8EDF}.Release|Mixed Platforms.Build.0 = Release|Any CPU
		{118BD2D0-CA7A-4D59-8385-C4AC9EAE8EDF}.Release|x86.ActiveCfg = Release|Any CPU
		{118BD2D0-CA7A-4D59-8385-C4AC9EAE8EDF}.Release|x86.Build.0 = Release|Any CPU
		{17450477-124D-4064-96E3-22DB0C6582FE}.Debug on Surface|Any CPU.ActiveCfg = Debug|Any CPU
		{17450477-124D-4064-96E3-22DB0C6582FE}.Debug on Surface|Any CPU.Build.0 = Debug|Any CPU
		{17450477-124D-4064-96E3-22DB0C6582FE}.Debug on Surface|Mixed Platforms.ActiveCfg = Debug|Any CPU
		{17450477-124D-4064-96E3-22DB0C6582FE}.Debug on Surface|Mixed Platforms.Build.0 = Debug|Any CPU
		{17450477-124D-4064-96E3-22DB0C6582FE}.Debug on Surface|x86.ActiveCfg = Debug|Any CPU
		{17450477-124D-4064-96E3-22DB0C6582FE}.Debug|Any CPU.ActiveCfg = Debug|Any CPU
		{17450477-124D-4064-96E3-22DB0C6582FE}.Debug|Any CPU.Build.0 = Debug|Any CPU
		{17450477-124D-4064-96E3-22DB0C6582FE}.Debug|Mixed Platforms.ActiveCfg = Debug|Any CPU
		{17450477-124D-4064-96E3-22DB0C6582FE}.Debug|Mixed Platforms.Build.0 = Debug|Any CPU
		{17450477-124D-4064-96E3-22DB0C6582FE}.Debug|x86.ActiveCfg = Debug|Any CPU
		{17450477-124D-4064-96E3-22DB0C6582FE}.Debug|x86.Build.0 = Debug|Any CPU
		{17450477-124D-4064-96E3-22DB0C6582FE}.Release|Any CPU.ActiveCfg = Release|Any CPU
		{17450477-124D-4064-96E3-22DB0C6582FE}.Release|Any CPU.Build.0 = Release|Any CPU
		{17450477-124D-4064-96E3-22DB0C6582FE}.Release|Mixed Platforms.ActiveCfg = Release|Any CPU
		{17450477-124D-4064-96E3-22DB0C6582FE}.Release|Mixed Platforms.Build.0 = Release|Any CPU
		{17450477-124D-4064-96E3-22DB0C6582FE}.Release|x86.ActiveCfg = Release|Any CPU
		{17450477-124D-4064-96E3-22DB0C6582FE}.Release|x86.Build.0 = Release|Any CPU
		{A65FA1C4-E201-42A5-97A8-3526E00380AA}.Debug on Surface|Any CPU.ActiveCfg = Debug|Any CPU
		{A65FA1C4-E201-42A5-97A8-3526E00380AA}.Debug on Surface|Any CPU.Build.0 = Debug|Any CPU
		{A65FA1C4-E201-42A5-97A8-3526E00380AA}.Debug on Surface|Mixed Platforms.ActiveCfg = Debug|Any CPU
		{A65FA1C4-E201-42A5-97A8-3526E00380AA}.Debug on Surface|Mixed Platforms.Build.0 = Debug|Any CPU
		{A65FA1C4-E201-42A5-97A8-3526E00380AA}.Debug on Surface|x86.ActiveCfg = Debug|Any CPU
		{A65FA1C4-E201-42A5-97A8-3526E00380AA}.Debug|Any CPU.ActiveCfg = Debug|Any CPU
		{A65FA1C4-E201-42A5-97A8-3526E00380AA}.Debug|Any CPU.Build.0 = Debug|Any CPU
		{A65FA1C4-E201-42A5-97A8-3526E00380AA}.Debug|Mixed Platforms.ActiveCfg = Debug|Any CPU
		{A65FA1C4-E201-42A5-97A8-3526E00380AA}.Debug|Mixed Platforms.Build.0 = Debug|Any CPU
		{A65FA1C4-E201-42A5-97A8-3526E00380AA}.Debug|x86.ActiveCfg = Debug|Any CPU
		{A65FA1C4-E201-42A5-97A8-3526E00380AA}.Debug|x86.Build.0 = Debug|Any CPU
		{A65FA1C4-E201-42A5-97A8-3526E00380AA}.Release|Any CPU.ActiveCfg = Release|Any CPU
		{A65FA1C4-E201-42A5-97A8-3526E00380AA}.Release|Any CPU.Build.0 = Release|Any CPU
		{A65FA1C4-E201-42A5-97A8-3526E00380AA}.Release|Mixed Platforms.ActiveCfg = Release|Any CPU
		{A65FA1C4-E201-42A5-97A8-3526E00380AA}.Release|Mixed Platforms.Build.0 = Release|Any CPU
		{A65FA1C4-E201-42A5-97A8-3526E00380AA}.Release|x86.ActiveCfg = Release|Any CPU
		{A65FA1C4-E201-42A5-97A8-3526E00380AA}.Release|x86.Build.0 = Release|Any CPU
		{4468808D-07AF-4A9B-AD3A-ABC5DF377198}.Debug on Surface|Any CPU.ActiveCfg = Debug|Any CPU
		{4468808D-07AF-4A9B-AD3A-ABC5DF377198}.Debug on Surface|Any CPU.Build.0 = Debug|Any CPU
		{4468808D-07AF-4A9B-AD3A-ABC5DF377198}.Debug on Surface|Mixed Platforms.ActiveCfg = Debug|Any CPU
		{4468808D-07AF-4A9B-AD3A-ABC5DF377198}.Debug on Surface|Mixed Platforms.Build.0 = Debug|Any CPU
		{4468808D-07AF-4A9B-AD3A-ABC5DF377198}.Debug on Surface|x86.ActiveCfg = Debug|Any CPU
		{4468808D-07AF-4A9B-AD3A-ABC5DF377198}.Debug|Any CPU.ActiveCfg = Debug|Any CPU
		{4468808D-07AF-4A9B-AD3A-ABC5DF377198}.Debug|Any CPU.Build.0 = Debug|Any CPU
		{4468808D-07AF-4A9B-AD3A-ABC5DF377198}.Debug|Mixed Platforms.ActiveCfg = Debug|Any CPU
		{4468808D-07AF-4A9B-AD3A-ABC5DF377198}.Debug|Mixed Platforms.Build.0 = Debug|Any CPU
		{4468808D-07AF-4A9B-AD3A-ABC5DF377198}.Debug|x86.ActiveCfg = Debug|Any CPU
		{4468808D-07AF-4A9B-AD3A-ABC5DF377198}.Debug|x86.Build.0 = Debug|Any CPU
		{4468808D-07AF-4A9B-AD3A-ABC5DF377198}.Release|Any CPU.ActiveCfg = Release|Any CPU
		{4468808D-07AF-4A9B-AD3A-ABC5DF377198}.Release|Any CPU.Build.0 = Release|Any CPU
		{4468808D-07AF-4A9B-AD3A-ABC5DF377198}.Release|Mixed Platforms.ActiveCfg = Release|Any CPU
		{4468808D-07AF-4A9B-AD3A-ABC5DF377198}.Release|Mixed Platforms.Build.0 = Release|Any CPU
		{4468808D-07AF-4A9B-AD3A-ABC5DF377198}.Release|x86.ActiveCfg = Release|Any CPU
		{4468808D-07AF-4A9B-AD3A-ABC5DF377198}.Release|x86.Build.0 = Release|Any CPU
		{A89714AD-6030-411D-8586-248A73086AAD}.Debug on Surface|Any CPU.ActiveCfg = Debug|Any CPU
		{A89714AD-6030-411D-8586-248A73086AAD}.Debug on Surface|Any CPU.Build.0 = Debug|Any CPU
		{A89714AD-6030-411D-8586-248A73086AAD}.Debug on Surface|Mixed Platforms.ActiveCfg = Debug|Any CPU
		{A89714AD-6030-411D-8586-248A73086AAD}.Debug on Surface|Mixed Platforms.Build.0 = Debug|Any CPU
		{A89714AD-6030-411D-8586-248A73086AAD}.Debug on Surface|x86.ActiveCfg = Debug|Any CPU
		{A89714AD-6030-411D-8586-248A73086AAD}.Debug|Any CPU.ActiveCfg = Debug|Any CPU
		{A89714AD-6030-411D-8586-248A73086AAD}.Debug|Any CPU.Build.0 = Debug|Any CPU
		{A89714AD-6030-411D-8586-248A73086AAD}.Debug|Mixed Platforms.ActiveCfg = Debug|Any CPU
		{A89714AD-6030-411D-8586-248A73086AAD}.Debug|Mixed Platforms.Build.0 = Debug|Any CPU
		{A89714AD-6030-411D-8586-248A73086AAD}.Debug|x86.ActiveCfg = Debug|Any CPU
		{A89714AD-6030-411D-8586-248A73086AAD}.Debug|x86.Build.0 = Debug|Any CPU
		{A89714AD-6030-411D-8586-248A73086AAD}.Release|Any CPU.ActiveCfg = Release|Any CPU
		{A89714AD-6030-411D-8586-248A73086AAD}.Release|Any CPU.Build.0 = Release|Any CPU
		{A89714AD-6030-411D-8586-248A73086AAD}.Release|Mixed Platforms.ActiveCfg = Release|Any CPU
		{A89714AD-6030-411D-8586-248A73086AAD}.Release|Mixed Platforms.Build.0 = Release|Any CPU
		{A89714AD-6030-411D-8586-248A73086AAD}.Release|x86.ActiveCfg = Release|Any CPU
		{A89714AD-6030-411D-8586-248A73086AAD}.Release|x86.Build.0 = Release|Any CPU
		{88A997E1-2967-4B1F-82CD-C7B026E18FD1}.Debug on Surface|Any CPU.ActiveCfg = Debug|Any CPU
		{88A997E1-2967-4B1F-82CD-C7B026E18FD1}.Debug on Surface|Any CPU.Build.0 = Debug|Any CPU
		{88A997E1-2967-4B1F-82CD-C7B026E18FD1}.Debug on Surface|Mixed Platforms.ActiveCfg = Debug|Any CPU
		{88A997E1-2967-4B1F-82CD-C7B026E18FD1}.Debug on Surface|Mixed Platforms.Build.0 = Debug|Any CPU
		{88A997E1-2967-4B1F-82CD-C7B026E18FD1}.Debug on Surface|x86.ActiveCfg = Debug|Any CPU
		{88A997E1-2967-4B1F-82CD-C7B026E18FD1}.Debug|Any CPU.ActiveCfg = Debug|Any CPU
		{88A997E1-2967-4B1F-82CD-C7B026E18FD1}.Debug|Any CPU.Build.0 = Debug|Any CPU
		{88A997E1-2967-4B1F-82CD-C7B026E18FD1}.Debug|Mixed Platforms.ActiveCfg = Debug|Any CPU
		{88A997E1-2967-4B1F-82CD-C7B026E18FD1}.Debug|Mixed Platforms.Build.0 = Debug|Any CPU
		{88A997E1-2967-4B1F-82CD-C7B026E18FD1}.Debug|x86.ActiveCfg = Debug|Any CPU
		{88A997E1-2967-4B1F-82CD-C7B026E18FD1}.Debug|x86.Build.0 = Debug|Any CPU
		{88A997E1-2967-4B1F-82CD-C7B026E18FD1}.Release|Any CPU.ActiveCfg = Release|Any CPU
		{88A997E1-2967-4B1F-82CD-C7B026E18FD1}.Release|Any CPU.Build.0 = Release|Any CPU
		{88A997E1-2967-4B1F-82CD-C7B026E18FD1}.Release|Mixed Platforms.ActiveCfg = Release|Any CPU
		{88A997E1-2967-4B1F-82CD-C7B026E18FD1}.Release|Mixed Platforms.Build.0 = Release|Any CPU
		{88A997E1-2967-4B1F-82CD-C7B026E18FD1}.Release|x86.ActiveCfg = Release|Any CPU
		{88A997E1-2967-4B1F-82CD-C7B026E18FD1}.Release|x86.Build.0 = Release|Any CPU
		{C227E84F-7065-4707-B399-871BE44F1C1C}.Debug on Surface|Any CPU.ActiveCfg = Debug|x86
		{C227E84F-7065-4707-B399-871BE44F1C1C}.Debug on Surface|Mixed Platforms.ActiveCfg = Debug|x86
		{C227E84F-7065-4707-B399-871BE44F1C1C}.Debug on Surface|Mixed Platforms.Build.0 = Debug|x86
		{C227E84F-7065-4707-B399-871BE44F1C1C}.Debug on Surface|x86.ActiveCfg = Debug|x86
		{C227E84F-7065-4707-B399-871BE44F1C1C}.Debug on Surface|x86.Build.0 = Debug|x86
		{C227E84F-7065-4707-B399-871BE44F1C1C}.Debug|Any CPU.ActiveCfg = Debug|x86
		{C227E84F-7065-4707-B399-871BE44F1C1C}.Debug|Mixed Platforms.ActiveCfg = Debug|x86
		{C227E84F-7065-4707-B399-871BE44F1C1C}.Debug|Mixed Platforms.Build.0 = Debug|x86
		{C227E84F-7065-4707-B399-871BE44F1C1C}.Debug|x86.ActiveCfg = Debug|x86
		{C227E84F-7065-4707-B399-871BE44F1C1C}.Debug|x86.Build.0 = Debug|x86
		{C227E84F-7065-4707-B399-871BE44F1C1C}.Release|Any CPU.ActiveCfg = Release|x86
		{C227E84F-7065-4707-B399-871BE44F1C1C}.Release|Mixed Platforms.ActiveCfg = Release|x86
		{C227E84F-7065-4707-B399-871BE44F1C1C}.Release|Mixed Platforms.Build.0 = Release|x86
		{C227E84F-7065-4707-B399-871BE44F1C1C}.Release|x86.ActiveCfg = Release|x86
		{DA0F05DD-F187-4322-82C2-012B3810675F}.Debug on Surface|Any CPU.ActiveCfg = Debug|Any CPU
		{DA0F05DD-F187-4322-82C2-012B3810675F}.Debug on Surface|Any CPU.Build.0 = Debug|Any CPU
		{DA0F05DD-F187-4322-82C2-012B3810675F}.Debug on Surface|Mixed Platforms.ActiveCfg = Debug|Any CPU
		{DA0F05DD-F187-4322-82C2-012B3810675F}.Debug on Surface|Mixed Platforms.Build.0 = Debug|Any CPU
		{DA0F05DD-F187-4322-82C2-012B3810675F}.Debug on Surface|x86.ActiveCfg = Debug|Any CPU
		{DA0F05DD-F187-4322-82C2-012B3810675F}.Debug|Any CPU.ActiveCfg = Debug|Any CPU
		{DA0F05DD-F187-4322-82C2-012B3810675F}.Debug|Any CPU.Build.0 = Debug|Any CPU
		{DA0F05DD-F187-4322-82C2-012B3810675F}.Debug|Mixed Platforms.ActiveCfg = Debug|Any CPU
		{DA0F05DD-F187-4322-82C2-012B3810675F}.Debug|Mixed Platforms.Build.0 = Debug|Any CPU
		{DA0F05DD-F187-4322-82C2-012B3810675F}.Debug|x86.ActiveCfg = Debug|Any CPU
		{DA0F05DD-F187-4322-82C2-012B3810675F}.Release|Any CPU.ActiveCfg = Release|Any CPU
		{DA0F05DD-F187-4322-82C2-012B3810675F}.Release|Any CPU.Build.0 = Release|Any CPU
		{DA0F05DD-F187-4322-82C2-012B3810675F}.Release|Mixed Platforms.ActiveCfg = Release|Any CPU
		{DA0F05DD-F187-4322-82C2-012B3810675F}.Release|Mixed Platforms.Build.0 = Release|Any CPU
		{DA0F05DD-F187-4322-82C2-012B3810675F}.Release|x86.ActiveCfg = Release|Any CPU
		{B06E8D15-43F9-4117-A12F-174232148E3B}.Debug on Surface|Any CPU.ActiveCfg = Debug|Any CPU
		{B06E8D15-43F9-4117-A12F-174232148E3B}.Debug on Surface|Any CPU.Build.0 = Debug|Any CPU
		{B06E8D15-43F9-4117-A12F-174232148E3B}.Debug on Surface|Mixed Platforms.ActiveCfg = Debug|Any CPU
		{B06E8D15-43F9-4117-A12F-174232148E3B}.Debug on Surface|Mixed Platforms.Build.0 = Debug|Any CPU
		{B06E8D15-43F9-4117-A12F-174232148E3B}.Debug on Surface|x86.ActiveCfg = Debug|Any CPU
		{B06E8D15-43F9-4117-A12F-174232148E3B}.Debug|Any CPU.ActiveCfg = Debug|Any CPU
		{B06E8D15-43F9-4117-A12F-174232148E3B}.Debug|Any CPU.Build.0 = Debug|Any CPU
		{B06E8D15-43F9-4117-A12F-174232148E3B}.Debug|Mixed Platforms.ActiveCfg = Debug|Any CPU
		{B06E8D15-43F9-4117-A12F-174232148E3B}.Debug|Mixed Platforms.Build.0 = Debug|Any CPU
		{B06E8D15-43F9-4117-A12F-174232148E3B}.Debug|x86.ActiveCfg = Debug|Any CPU
		{B06E8D15-43F9-4117-A12F-174232148E3B}.Release|Any CPU.ActiveCfg = Release|Any CPU
		{B06E8D15-43F9-4117-A12F-174232148E3B}.Release|Any CPU.Build.0 = Release|Any CPU
		{B06E8D15-43F9-4117-A12F-174232148E3B}.Release|Mixed Platforms.ActiveCfg = Release|Any CPU
		{B06E8D15-43F9-4117-A12F-174232148E3B}.Release|Mixed Platforms.Build.0 = Release|Any CPU
		{B06E8D15-43F9-4117-A12F-174232148E3B}.Release|x86.ActiveCfg = Release|Any CPU
	EndGlobalSection
	GlobalSection(SolutionProperties) = preSolution
		HideSolutionNode = FALSE
	EndGlobalSection
	GlobalSection(NestedProjects) = preSolution
		{0D344094-B9B9-457E-A308-50D13A432FC8} = {4828F710-1BB7-41F2-80B4-192C7A470499}
		{105063E4-04C5-4918-9FFC-675E8F826DFC} = {4828F710-1BB7-41F2-80B4-192C7A470499}
		{E26DFB8E-4A59-4523-AC10-C6FAC53AC4C2} = {4828F710-1BB7-41F2-80B4-192C7A470499}
		{48AF3708-C4E9-44DC-A6B1-EB02FE9A36C9} = {4828F710-1BB7-41F2-80B4-192C7A470499}
		{84A04C1A-8DA9-47AB-A9D1-B6C63B0EE99B} = {2C492688-B3EE-4AC5-BCCD-7FD992817DF8}
		{C26A9A1E-D31B-4D0D-ACBB-B16C22DA4435} = {2C492688-B3EE-4AC5-BCCD-7FD992817DF8}
		{51F9DB65-B87A-43EF-B306-5122845C7F72} = {2C492688-B3EE-4AC5-BCCD-7FD992817DF8}
		{CC0300A8-D5D3-4F1F-80BD-9FEF1ACFC764} = {2C492688-B3EE-4AC5-BCCD-7FD992817DF8}
		{E1FE049D-1CBB-4990-BDC5-F81482D01D25} = {2C492688-B3EE-4AC5-BCCD-7FD992817DF8}
		{DA9210DD-D24D-468A-9083-F3D953E41C63} = {F195C932-5721-4617-9837-5829D1C90847}
		{86A9348D-E697-441A-A35F-4D0CA8052135} = {9652CE0C-D4C6-4AC9-90C4-2DAD4C38C678}
		{81284490-566D-4123-832E-8CB7F773E44C} = {B50222FE-C806-4F25-AD8C-E38BA3F8742E}
		{8E5B8B50-9E3F-425C-B24A-75B4EFCAEA82} = {6B519DCA-A254-47FC-8563-F7CBB14EB79E}
		{12782498-CC21-4846-9400-32849CAD9B34} = {6B519DCA-A254-47FC-8563-F7CBB14EB79E}
		{3D42469B-D7EB-4689-B909-12BCCEC8B899} = {6B519DCA-A254-47FC-8563-F7CBB14EB79E}
		{EC9BDA90-DF08-4A17-BC7C-E42EE283C7B8} = {6B519DCA-A254-47FC-8563-F7CBB14EB79E}
		{4E0F599D-469D-406A-A8FA-6DAFE15F5DE4} = {6B519DCA-A254-47FC-8563-F7CBB14EB79E}
		{6855CEDB-194C-44C1-B026-AF4E3F58B53B} = {6B519DCA-A254-47FC-8563-F7CBB14EB79E}
		{09D756F7-61B5-422B-91A4-32D9314437BF} = {6B519DCA-A254-47FC-8563-F7CBB14EB79E}
		{D88AD297-6057-4C7B-8EB3-37385BD05893} = {6B519DCA-A254-47FC-8563-F7CBB14EB79E}
		{85982185-637D-47A5-B61C-AED57AD8FBF5} = {6B519DCA-A254-47FC-8563-F7CBB14EB79E}
		{9CFB30BD-5AA0-4556-BEF0-37DE5208B461} = {6B519DCA-A254-47FC-8563-F7CBB14EB79E}
		{7550C9BB-0F15-4E7C-88ED-C2AE977BF96A} = {6B519DCA-A254-47FC-8563-F7CBB14EB79E}
		{C42FE9CE-592A-46AB-833F-07E413C8AF47} = {6B519DCA-A254-47FC-8563-F7CBB14EB79E}
		{2C96C2E7-4C1C-459D-BB97-54786EFA8F53} = {6B519DCA-A254-47FC-8563-F7CBB14EB79E}
		{9894825C-DCBD-47F1-B408-EA8D8A7053AC} = {6B519DCA-A254-47FC-8563-F7CBB14EB79E}
		{118BD2D0-CA7A-4D59-8385-C4AC9EAE8EDF} = {6B519DCA-A254-47FC-8563-F7CBB14EB79E}
		{17450477-124D-4064-96E3-22DB0C6582FE} = {6B519DCA-A254-47FC-8563-F7CBB14EB79E}
		{A65FA1C4-E201-42A5-97A8-3526E00380AA} = {6B519DCA-A254-47FC-8563-F7CBB14EB79E}
		{4468808D-07AF-4A9B-AD3A-ABC5DF377198} = {6B519DCA-A254-47FC-8563-F7CBB14EB79E}
		{A89714AD-6030-411D-8586-248A73086AAD} = {6B519DCA-A254-47FC-8563-F7CBB14EB79E}
		{88A997E1-2967-4B1F-82CD-C7B026E18FD1} = {6B519DCA-A254-47FC-8563-F7CBB14EB79E}
		{C227E84F-7065-4707-B399-871BE44F1C1C} = {6B519DCA-A254-47FC-8563-F7CBB14EB79E}
		{DA0F05DD-F187-4322-82C2-012B3810675F} = {6B519DCA-A254-47FC-8563-F7CBB14EB79E}
		{B06E8D15-43F9-4117-A12F-174232148E3B} = {6B519DCA-A254-47FC-8563-F7CBB14EB79E}
	EndGlobalSection
EndGlobal
